{
  "version": 4,
  "terraform_version": "1.4.6",
  "serial": 551,
  "lineage": "b5f65118-4397-3462-2f55-ce29122e7897",
  "outputs": {
    "ami_id": {
      "value": "ami-04e81c5c7a4851ebf",
      "type": "string"
    },
    "cluster_certificate_authority_data": {
      "value": "LS0tLS1CRUdJTiBDRVJUSUZJQ0FURS0tLS0tCk1JSUMvakNDQWVhZ0F3SUJBZ0lCQURBTkJna3Foa2lHOXcwQkFRc0ZBREFWTVJNd0VRWURWUVFERXdwcmRXSmwKY201bGRHVnpNQjRYRFRJek1EWXhNREExTVRjd01Wb1hEVE16TURZd056QTFNVGN3TVZvd0ZURVRNQkVHQTFVRQpBeE1LYTNWaVpYSnVaWFJsY3pDQ0FTSXdEUVlKS29aSWh2Y05BUUVCQlFBRGdnRVBBRENDQVFvQ2dnRUJBTTJQCndIVElEckZncWczZy9KeVgxbUtoQzlzOHdONGJOeThheHNidlpEdm1YKzRGSTUwOTRTU1oyVGNZTSt2M3ozdlIKTzFvT29kcHRLa25ySVpicTlNclVQM0hmL2t1N2pnVlVKUE85dFRHZVFXb243NGpPYnh3Y3pack41a3pBNWkrYwp5blFzOWZZamc4VCtLbkdCZmltcHJoaXVYQThSK2g4anR6RElCb3pYbW8wNlhKYUpCNm5lY213U0lNRThTalhaCmZHQ3RTUHJ0bm44S1hHTEV1amo5bVBHdWM5S2dncWdWVllDV3RLSlRoY0hOamxDTklQNjB5RmI3cUpwNngyb1kKcDJOVENIdlU1bFRYbllTUVlENkk4Sk5SRDNUYW82aVVTZHNZeWpCWDRBU1NvanNONk8vbGxRLzZNclF4ZVBadwpQTzhzSHNwZEkyTmFKb2ZqVTVFQ0F3RUFBYU5aTUZjd0RnWURWUjBQQVFIL0JBUURBZ0trTUE4R0ExVWRFd0VCCi93UUZNQU1CQWY4d0hRWURWUjBPQkJZRUZPOFJyYk5zRlora2dwNUdmSnZFVVpHZS9WandNQlVHQTFVZEVRUU8KTUF5Q0NtdDFZbVZ5Ym1WMFpYTXdEUVlKS29aSWh2Y05BUUVMQlFBRGdnRUJBSEpzdmNmN2VZVzl0cno4aHNMcwpkTjBxVVlCQXFNalFGTGxqWHRzN29xNUNQN1U1bmhFYzY5YW9IZEVoRjZxWk9LN1VXK3JhZ2JFMDdWZTB4a2w0CjRkaHRhK09sRFkraVJkb09mS2VjWFluSGMxa1c0TTBUWkl4ZW1XS2sweE9IdGYxdDRiQjFpQmlNblF6UVpaeFMKczhJY3VyZ09rOEhCWkN6RWl4b0tVTFpCOW5CUWtTaXQ0Q3gvNFRJQTZ0R3NXTFBXeU1YK3pXdmozQTkwQnNGZQpnMXZ4aDFiOVJLRDgvenBuWHhUQWdUWUlFWTZNL2svMkU2MTA5anR1L1F0T3dISnFhMEdlQksrVy80TDM0TTFWClNxNGIzb3JPT2MzZzhFV1FiSHZQNXhabHdSS0dWVkg3QXFZdVFSY21Pa2JHWWorS3BUSlluU0c5a1BuREF1RWwKN0s4PQotLS0tLUVORCBDRVJUSUZJQ0FURS0tLS0tCg==",
      "type": "string"
    },
    "cluster_endpoint": {
      "value": "https://891A7D4592CD19583F87668DC5B5A676.gr7.ap-south-1.eks.amazonaws.com",
      "type": "string"
    },
    "cluster_name": {
      "value": "testing-eks-2",
      "type": "string"
    },
    "cluster_security_group_id": {
      "value": "sg-0f7a9fbea067b984d",
      "type": "string"
    },
    "db_subnet_group_name_vpc": {
      "value": "vpc-019ef4a85d2f63f0d",
      "type": "string"
    },
    "eks_worker_nodes": {
      "value": [
        "10.0.3.11",
        "10.0.1.23",
        "10.0.2.90"
      ],
      "type": [
        "list",
        "string"
      ]
    },
    "nfs-server-private-ip": {
      "value": "10.0.4.182",
      "type": "string"
    },
    "nfs-server-public-ip": {
      "value": "43.205.217.143",
      "type": "string"
    },
    "oidc_provider_arn": {
      "value": "arn:aws:iam::998516096174:oidc-provider/oidc.eks.ap-south-1.amazonaws.com/id/891A7D4592CD19583F87668DC5B5A676",
      "type": "string"
    },
    "rds_endpoint": {
      "value": "terraform-20230610052632767900000001.cmlkd6hzxk08.ap-south-1.rds.amazonaws.com:5432",
      "type": "string"
    },
    "rds_engine": {
      "value": "postgres",
      "type": "string"
    },
    "region": {
      "value": "ap-south-1",
      "type": "string"
    }
  },
  "resources": [
    {
      "mode": "data",
      "type": "aws_ami",
      "name": "debian11",
      "provider": "provider[\"registry.terraform.io/hashicorp/aws\"]",
      "instances": [
        {
          "schema_version": 0,
          "attributes": {
            "architecture": "x86_64",
            "arn": "arn:aws:ec2:ap-south-1::image/ami-04e81c5c7a4851ebf",
            "block_device_mappings": [
              {
                "device_name": "/dev/xvda",
                "ebs": {
                  "delete_on_termination": "true",
                  "encrypted": "false",
                  "iops": "0",
                  "snapshot_id": "snap-00acf0d19d59f8764",
                  "throughput": "0",
                  "volume_size": "8",
                  "volume_type": "gp2"
                },
                "no_device": "",
                "virtual_name": ""
              }
            ],
            "boot_mode": "",
            "creation_date": "2023-05-15T20:11:41.000Z",
            "deprecation_time": "2025-05-15T20:11:41.000Z",
            "description": "Debian 11 (20230515-1381)",
            "ena_support": true,
            "executable_users": null,
            "filter": [
              {
                "name": "name",
                "values": [
                  "debian-11-amd64-20230515-1381"
                ]
              }
            ],
            "hypervisor": "xen",
            "id": "ami-04e81c5c7a4851ebf",
            "image_id": "ami-04e81c5c7a4851ebf",
            "image_location": "amazon/debian-11-amd64-20230515-1381",
            "image_owner_alias": "amazon",
            "image_type": "machine",
            "imds_support": "",
            "include_deprecated": false,
            "kernel_id": "",
            "most_recent": false,
            "name": "debian-11-amd64-20230515-1381",
            "name_regex": null,
            "owner_id": "136693071363",
            "owners": null,
            "platform": "",
            "platform_details": "Linux/UNIX",
            "product_codes": [],
            "public": true,
            "ramdisk_id": "",
            "root_device_name": "/dev/xvda",
            "root_device_type": "ebs",
            "root_snapshot_id": "snap-00acf0d19d59f8764",
            "sriov_net_support": "simple",
            "state": "available",
            "state_reason": {
              "code": "UNSET",
              "message": "UNSET"
            },
            "tags": {},
            "timeouts": null,
            "tpm_support": "",
            "usage_operation": "RunInstances",
            "virtualization_type": "hvm"
          },
          "sensitive_attributes": []
        }
      ]
    },
    {
      "mode": "data",
      "type": "aws_availability_zones",
      "name": "available",
      "provider": "provider[\"registry.terraform.io/hashicorp/aws\"]",
      "instances": [
        {
          "schema_version": 0,
          "attributes": {
            "all_availability_zones": null,
            "exclude_names": null,
            "exclude_zone_ids": null,
            "filter": null,
            "group_names": [
              "ap-south-1"
            ],
            "id": "ap-south-1",
            "names": [
              "ap-south-1a",
              "ap-south-1b",
              "ap-south-1c"
            ],
            "state": null,
            "timeouts": null,
            "zone_ids": [
              "aps1-az1",
              "aps1-az3",
              "aps1-az2"
            ]
          },
          "sensitive_attributes": []
        }
      ]
    },
    {
      "mode": "data",
      "type": "aws_instances",
      "name": "my_worker_nodes",
      "provider": "provider[\"registry.terraform.io/hashicorp/aws\"]",
      "instances": [
        {
          "schema_version": 0,
          "attributes": {
            "filter": null,
            "id": "ap-south-1",
            "ids": [
              "i-084377364735f512b",
              "i-0e0ae9d63b82c3789",
              "i-043e01f1b7b32b396"
            ],
            "instance_state_names": [
              "running"
            ],
            "instance_tags": {
              "eks:cluster-name": "testing-eks-2"
            },
            "ipv6_addresses": [],
            "private_ips": [
              "10.0.3.11",
              "10.0.1.23",
              "10.0.2.90"
            ],
            "public_ips": [],
            "timeouts": null
          },
          "sensitive_attributes": []
        }
      ]
    },
    {
      "mode": "data",
      "type": "aws_subnets",
      "name": "example",
      "provider": "provider[\"registry.terraform.io/hashicorp/aws\"]",
      "instances": [
        {
          "schema_version": 0,
          "attributes": {
            "filter": [
              {
                "name": "vpc-id",
                "values": [
                  "vpc-019ef4a85d2f63f0d"
                ]
              }
            ],
            "id": "ap-south-1",
            "ids": [
              "subnet-0d5351b7c6434ac94",
              "subnet-0abb056b6ac5b2e39",
              "subnet-0f24bd6079aa0a0d2",
              "subnet-0f7f17ffc0b9bca6f",
              "subnet-0ea9fc6a65214a1db",
              "subnet-0aba7cefb571a9754"
            ],
            "tags": null,
            "timeouts": null
          },
          "sensitive_attributes": []
        }
      ]
    },
    {
      "mode": "managed",
      "type": "aws_db_instance",
      "name": "default",
      "provider": "provider[\"registry.terraform.io/hashicorp/aws\"]",
      "instances": [
        {
          "schema_version": 2,
          "attributes": {
            "address": "terraform-20230610052632767900000001.cmlkd6hzxk08.ap-south-1.rds.amazonaws.com",
            "allocated_storage": 10,
            "allow_major_version_upgrade": null,
            "apply_immediately": false,
            "arn": "arn:aws:rds:ap-south-1:998516096174:db:terraform-20230610052632767900000001",
            "auto_minor_version_upgrade": true,
            "availability_zone": "ap-south-1c",
            "backup_retention_period": 0,
            "backup_window": "23:28-23:58",
            "blue_green_update": [],
            "ca_cert_identifier": "rds-ca-2019",
            "character_set_name": "",
            "copy_tags_to_snapshot": false,
            "custom_iam_instance_profile": "",
            "customer_owned_ip_enabled": false,
            "db_name": "bitbucket",
            "db_subnet_group_name": "rds-subnet-group-testing-eks-2",
            "delete_automated_backups": true,
            "deletion_protection": false,
            "domain": "",
            "domain_iam_role_name": "",
            "enabled_cloudwatch_logs_exports": [],
            "endpoint": "terraform-20230610052632767900000001.cmlkd6hzxk08.ap-south-1.rds.amazonaws.com:5432",
            "engine": "postgres",
            "engine_version": "14",
            "engine_version_actual": "14.7",
            "final_snapshot_identifier": "bitbucket-db",
            "hosted_zone_id": "Z2VFMSZA74J7XZ",
            "iam_database_authentication_enabled": false,
            "id": "db-7G4PBJF6QUVAPNKJPO2PLSPTUI",
            "identifier": "terraform-20230610052632767900000001",
            "identifier_prefix": "terraform-",
            "instance_class": "db.t3.micro",
            "iops": 0,
            "kms_key_id": "",
            "latest_restorable_time": "",
            "license_model": "postgresql-license",
            "listener_endpoint": [],
            "maintenance_window": "mon:12:02-mon:12:32",
            "manage_master_user_password": null,
            "master_user_secret": [],
            "master_user_secret_kms_key_id": null,
            "max_allocated_storage": 0,
            "monitoring_interval": 0,
            "monitoring_role_arn": "",
            "multi_az": false,
            "nchar_character_set_name": "",
            "network_type": "IPV4",
            "option_group_name": "default:postgres-14",
            "parameter_group_name": "default.postgres14",
            "password": "foobarbaz",
            "performance_insights_enabled": false,
            "performance_insights_kms_key_id": "",
            "performance_insights_retention_period": 0,
            "port": 5432,
            "publicly_accessible": false,
            "replica_mode": "",
            "replicas": [],
            "replicate_source_db": "",
            "resource_id": "db-7G4PBJF6QUVAPNKJPO2PLSPTUI",
            "restore_to_point_in_time": [],
            "s3_import": [],
            "skip_final_snapshot": true,
            "snapshot_identifier": null,
            "status": "available",
            "storage_encrypted": false,
            "storage_throughput": 0,
            "storage_type": "gp2",
            "tags": {},
            "tags_all": {},
            "timeouts": null,
            "timezone": "",
            "username": "foo",
            "vpc_security_group_ids": [
              "sg-0e09694761a4bb6b5"
            ]
          },
          "sensitive_attributes": [],
          "private": "eyJlMmJmYjczMC1lY2FhLTExZTYtOGY4OC0zNDM2M2JjN2M0YzAiOnsiY3JlYXRlIjoyNDAwMDAwMDAwMDAwLCJkZWxldGUiOjM2MDAwMDAwMDAwMDAsInVwZGF0ZSI6NDgwMDAwMDAwMDAwMH0sInNjaGVtYV92ZXJzaW9uIjoiMiJ9",
          "dependencies": [
            "aws_db_subnet_group.default",
            "aws_security_group.rds-sg",
            "module.eks.aws_security_group.node"
          ]
        }
      ]
    },
    {
      "mode": "managed",
      "type": "aws_db_subnet_group",
      "name": "default",
      "provider": "provider[\"registry.terraform.io/hashicorp/aws\"]",
      "instances": [
        {
          "schema_version": 0,
          "attributes": {
            "arn": "arn:aws:rds:ap-south-1:998516096174:subgrp:rds-subnet-group-testing-eks-2",
            "description": "Managed by Terraform",
            "id": "rds-subnet-group-testing-eks-2",
            "name": "rds-subnet-group-testing-eks-2",
            "name_prefix": "",
            "subnet_ids": [
              "subnet-0abb056b6ac5b2e39",
              "subnet-0d5351b7c6434ac94",
              "subnet-0f24bd6079aa0a0d2"
            ],
            "supported_network_types": [
              "IPV4"
            ],
            "tags": {},
            "tags_all": {},
            "vpc_id": "vpc-019ef4a85d2f63f0d"
          },
          "sensitive_attributes": [],
          "private": "bnVsbA=="
        }
      ]
    },
    {
      "mode": "managed",
      "type": "aws_instance",
      "name": "nfs-server",
      "provider": "provider[\"registry.terraform.io/hashicorp/aws\"]",
      "instances": [
        {
          "schema_version": 1,
          "attributes": {
            "ami": "ami-04e81c5c7a4851ebf",
            "arn": "arn:aws:ec2:ap-south-1:998516096174:instance/i-080a201da45e58b88",
            "associate_public_ip_address": true,
            "availability_zone": "ap-south-1a",
            "capacity_reservation_specification": [
              {
                "capacity_reservation_preference": "open",
                "capacity_reservation_target": []
              }
            ],
            "cpu_core_count": 2,
            "cpu_options": [
              {
                "amd_sev_snp": "",
                "core_count": 2,
                "threads_per_core": 2
              }
            ],
            "cpu_threads_per_core": 2,
            "credit_specification": [
              {
                "cpu_credits": "unlimited"
              }
            ],
            "disable_api_stop": false,
            "disable_api_termination": false,
            "ebs_block_device": [],
            "ebs_optimized": false,
            "enclave_options": [
              {
                "enabled": false
              }
            ],
            "ephemeral_block_device": [],
            "get_password_data": false,
            "hibernation": false,
            "host_id": "",
            "host_resource_group_arn": null,
            "iam_instance_profile": "",
            "id": "i-080a201da45e58b88",
            "instance_initiated_shutdown_behavior": "stop",
            "instance_state": "running",
            "instance_type": "t3.xlarge",
            "ipv6_address_count": 0,
            "ipv6_addresses": [],
            "key_name": "nfs-server",
            "launch_template": [],
            "maintenance_options": [
              {
                "auto_recovery": "default"
              }
            ],
            "metadata_options": [
              {
                "http_endpoint": "enabled",
                "http_put_response_hop_limit": 1,
                "http_tokens": "optional",
                "instance_metadata_tags": "disabled"
              }
            ],
            "monitoring": false,
            "network_interface": [],
            "outpost_arn": "",
            "password_data": "",
            "placement_group": "",
            "placement_partition_number": 0,
            "primary_network_interface_id": "eni-0dc73f2bf4213bb88",
            "private_dns": "ip-10-0-4-182.ap-south-1.compute.internal",
            "private_dns_name_options": [
              {
                "enable_resource_name_dns_a_record": false,
                "enable_resource_name_dns_aaaa_record": false,
                "hostname_type": "ip-name"
              }
            ],
            "private_ip": "10.0.4.182",
            "public_dns": "ec2-43-205-217-143.ap-south-1.compute.amazonaws.com",
            "public_ip": "43.205.217.143",
            "root_block_device": [
              {
                "delete_on_termination": true,
                "device_name": "/dev/xvda",
                "encrypted": false,
                "iops": 150,
                "kms_key_id": "",
                "tags": null,
                "throughput": 0,
                "volume_id": "vol-0e34a431215c6d434",
                "volume_size": 50,
                "volume_type": "gp2"
              }
            ],
            "secondary_private_ips": [],
            "security_groups": [],
            "source_dest_check": true,
            "subnet_id": "subnet-0ea9fc6a65214a1db",
            "tags": {
              "name": "nfs-server"
            },
            "tags_all": {
              "name": "nfs-server"
            },
            "tenancy": "default",
            "timeouts": null,
            "user_data": "c061fdc07c8c0b75cdfb4e20fb5780b5e7ae64a0",
            "user_data_base64": null,
            "user_data_replace_on_change": false,
            "volume_tags": null,
            "vpc_security_group_ids": [
              "sg-08311aedc8c2dd895"
            ]
          },
          "sensitive_attributes": [],
          "private": "eyJlMmJmYjczMC1lY2FhLTExZTYtOGY4OC0zNDM2M2JjN2M0YzAiOnsiY3JlYXRlIjo2MDAwMDAwMDAwMDAsImRlbGV0ZSI6MTIwMDAwMDAwMDAwMCwidXBkYXRlIjo2MDAwMDAwMDAwMDB9LCJzY2hlbWFfdmVyc2lvbiI6IjEifQ==",
          "dependencies": [
            "aws_key_pair.pem",
            "aws_security_group.nfs-sg",
            "data.aws_ami.debian11",
            "data.aws_availability_zones.available"
          ]
        }
      ]
    },
    {
      "mode": "managed",
      "type": "aws_key_pair",
      "name": "pem",
      "provider": "provider[\"registry.terraform.io/hashicorp/aws\"]",
      "instances": [
        {
          "schema_version": 1,
          "attributes": {
            "arn": "arn:aws:ec2:ap-south-1:998516096174:key-pair/nfs-server",
            "fingerprint": "bb:19:2c:68:b6:85:3c:37:b7:cb:91:95:b3:f0:d8:5e",
            "id": "nfs-server",
            "key_name": "nfs-server",
            "key_name_prefix": "",
            "key_pair_id": "key-094090272c18e8549",
            "key_type": "rsa",
            "public_key": "ssh-rsa AAAAB3NzaC1yc2EAAAADAQABAAACAQDWy3e71m9j2LYUzDCzkjFrgZYs0hNP8GO9JtJKfUFP0nwQ9nrPMhcsKWO4pz+4xdD9xqGJSAoJCLbQBZhJKsh/h1u7dNH2zE/KYRetqQIhaRrEZ+WHOgGVmcTfeVvXV+BZbbSVZv0KZOMIg1chLOT6WyIaIm63Mfo5K8RCKDTxa3G0VdLKymnnjFXMruMt74TKeZT4jNiZN+rKKAC/lOSIsL80wYgKGc1o8pv5SyR77PipP5x/53GvR6qMZUfaqpckL2HnOQXqxDYAfzEzSwZfMJr1vCcJKn04UTmM9skQwyuB2ovgqg8uRjWTuCl8oV5ovLNJQ3SrL4v6nlEOAHPPYMKYjBQ+fWdmbiCT8qbuwdmy30rQNRjgT6DvERYjEKjEuCl8gFJCW2ASt/C4LQ0uh5Dc59JQFWXU7jdjbz0uD7YgJHmOm3mFAIvrOE3vGEBDTqlx04EiWE4hM7DZhVzrhieDP9Zr3/GEbXGkV8YBtdW1AcQNUV2/DD40GCjDxAKejyXVKeHikwHYKensQgqwfgCIdl/p55uwQ+A92PMSpNgPxko39xdmEdWq1FcsXHvc8o/mkzWXsnbX1LXo41cqbieYvBn/13oxiew3E+ruHZ+MkKVMX2wPNb3AzdsXSpybLawi16YQv+3D/CrtC58dflrsTDnuzj/KMfhIksN9iQ==",
            "tags": {},
            "tags_all": {}
          },
          "sensitive_attributes": [],
          "private": "eyJzY2hlbWFfdmVyc2lvbiI6IjEifQ==",
          "dependencies": [
            "tls_private_key.pk"
          ]
        }
      ]
    },
    {
      "mode": "managed",
      "type": "aws_security_group",
      "name": "nfs-sg",
      "provider": "provider[\"registry.terraform.io/hashicorp/aws\"]",
      "instances": [
        {
          "schema_version": 1,
          "attributes": {
            "arn": "arn:aws:ec2:ap-south-1:998516096174:security-group/sg-08311aedc8c2dd895",
            "description": "Managed by Terraform",
            "egress": [
              {
                "cidr_blocks": [
                  "0.0.0.0/0"
                ],
                "description": "",
                "from_port": 0,
                "ipv6_cidr_blocks": [],
                "prefix_list_ids": [],
                "protocol": "-1",
                "security_groups": [],
                "self": false,
                "to_port": 0
              }
            ],
            "id": "sg-08311aedc8c2dd895",
            "ingress": [
              {
                "cidr_blocks": [
                  "0.0.0.0/0"
                ],
                "description": "",
                "from_port": 22,
                "ipv6_cidr_blocks": [],
                "prefix_list_ids": [],
                "protocol": "tcp",
                "security_groups": [],
                "self": false,
                "to_port": 22
              },
              {
                "cidr_blocks": [],
                "description": "",
                "from_port": 0,
                "ipv6_cidr_blocks": [],
                "prefix_list_ids": [],
                "protocol": "-1",
                "security_groups": [
                  "sg-0ef29630c8a224ebb"
                ],
                "self": false,
                "to_port": 0
              }
            ],
            "name": "sg1-rds-ap-south-1",
            "name_prefix": "",
            "owner_id": "998516096174",
            "revoke_rules_on_delete": false,
            "tags": {},
            "tags_all": {},
            "timeouts": null,
            "vpc_id": "vpc-019ef4a85d2f63f0d"
          },
          "sensitive_attributes": [],
          "private": "eyJlMmJmYjczMC1lY2FhLTExZTYtOGY4OC0zNDM2M2JjN2M0YzAiOnsiY3JlYXRlIjo2MDAwMDAwMDAwMDAsImRlbGV0ZSI6OTAwMDAwMDAwMDAwfSwic2NoZW1hX3ZlcnNpb24iOiIxIn0=",
          "dependencies": [
            "module.eks.aws_security_group.node"
          ]
        }
      ]
    },
    {
      "mode": "managed",
      "type": "aws_security_group",
      "name": "rds-sg",
      "provider": "provider[\"registry.terraform.io/hashicorp/aws\"]",
      "instances": [
        {
          "schema_version": 1,
          "attributes": {
            "arn": "arn:aws:ec2:ap-south-1:998516096174:security-group/sg-0e09694761a4bb6b5",
            "description": "Managed by Terraform",
            "egress": [
              {
                "cidr_blocks": [
                  "0.0.0.0/0"
                ],
                "description": "",
                "from_port": 0,
                "ipv6_cidr_blocks": [],
                "prefix_list_ids": [],
                "protocol": "-1",
                "security_groups": [],
                "self": false,
                "to_port": 0
              }
            ],
            "id": "sg-0e09694761a4bb6b5",
            "ingress": [
              {
                "cidr_blocks": [],
                "description": "",
                "from_port": 5432,
                "ipv6_cidr_blocks": [],
                "prefix_list_ids": [],
                "protocol": "tcp",
                "security_groups": [
                  "sg-0ef29630c8a224ebb"
                ],
                "self": false,
                "to_port": 5432
              }
            ],
            "name": "sg1-rds-bitbucket-ap-south-1",
            "name_prefix": "",
            "owner_id": "998516096174",
            "revoke_rules_on_delete": false,
            "tags": {},
            "tags_all": {},
            "timeouts": null,
            "vpc_id": "vpc-019ef4a85d2f63f0d"
          },
          "sensitive_attributes": [],
          "private": "eyJlMmJmYjczMC1lY2FhLTExZTYtOGY4OC0zNDM2M2JjN2M0YzAiOnsiY3JlYXRlIjo2MDAwMDAwMDAwMDAsImRlbGV0ZSI6OTAwMDAwMDAwMDAwfSwic2NoZW1hX3ZlcnNpb24iOiIxIn0=",
          "dependencies": [
            "module.eks.aws_security_group.node"
          ]
        }
      ]
    },
    {
      "mode": "managed",
      "type": "local_file",
      "name": "local_key_pair",
      "provider": "provider[\"registry.terraform.io/hashicorp/local\"]",
      "instances": [
        {
          "schema_version": 0,
          "attributes": {
            "content": "-----BEGIN RSA PRIVATE KEY-----\nMIIJKgIBAAKCAgEA1st3u9ZvY9i2FMwws5Ixa4GWLNITT/BjvSbSSn1BT9J8EPZ6\nzzIXLCljuKc/uMXQ/cahiUgKCQi20AWYSSrIf4dbu3TR9sxPymEXrakCIWkaxGfl\nhzoBlZnE33lb11fgWW20lWb9CmTjCINXISzk+lsiGiJutzH6OSvEQig08WtxtFXS\nyspp54xVzK7jLe+EynmU+IzYmTfqyigAv5TkiLC/NMGIChnNaPKb+Uske+z4qT+c\nf+dxr0eqjGVH2qqXJC9h5zkF6sQ2AH8xM0sGXzCa9bwnCSp9OFE5jPbJEMMrgdqL\n4KoPLkY1k7gpfKFeaLyzSUN0qy+L+p5RDgBzz2DCmIwUPn1nZm4gk/Km7sHZst9K\n0DUY4E+g7xEWIxCoxLgpfIBSQltgErfwuC0NLoeQ3OfSUBVl1O43Y289Lg+2ICR5\njpt5hQCL6zhN7xhAQ06pcdOBIlhOITOw2YVc64Yngz/Wa9/xhG1xpFfGAbXVtQHE\nDVFdvww+NBgow8QCno8l1Snh4pMB2Cnp7EIKsH4AiHZf6eebsEPgPdjzEqTYD8ZK\nN/cXZhHVqtRXLFx73PKP5pM1l7J219S16ONXKm4nmLwZ/9d6MYnsNxPq7h2fjJCl\nTF9sDzW9wM3bF0qcmy2sItemEL/tw/wq7QufHX5a7Ew57s4/yjH4SJLDfYkCAwEA\nAQKCAgBQte/t4yvEBwCUXA3IzBxJ203E1cNv/FJeFyJZ3ysVhXAdJ6EKDjZq37qa\n/i2RjrNzSJoWbb1nm6CmFhQdGjhwwzoS/FiRNkCdOVKebK1iRI5MUwYKhB9oSXmS\nx5VdG6YvtGtw4Fwg9bvhzQiGbMo10NzFmT6lE+CEbw+2FEmgldEKBF3K2bhly3PK\nD8VJ04DAXGM/6hzRphNRlyqA0r/1JQUUG8y0jvGCh/dX+4ZgErF1V3PFFADB7loF\nm2Eep49Xh35wVhsFFml8Uk74iS6Bwk/YGrVIWnDnIo5Pi8QNymikyKxa5UwDBVrI\ngSEFtdU14gI0e2ZxlNIygB7Q9haNm5pIXhuRCv94N9nWJ/ycncv9egFKJlKuBrAr\ntwOsZ89mLbMw5Akz+dGOuqKkehT3EnBogwdzSEgd/lpktEiU5pnk0bGEoYLclOTH\nji135eTjLmE/PswKvaq82dv//Zcq4cihVfuzRLQNDbnN9o1uUpTIgqKdZmh2/TsO\nzEJnRM5yZi5ebsVOdvsnRDG1B8kbYdm3McMsxrjjj7TPGqt7YkY1RDwqpLIlQ78t\nfdeDqwPooX348XGYui1FVfjHL2nwv8r3NLXIhNKjzydSUQR+6dLvimZdKayRcF4R\nHao/EQ0NOmD3UVYjxqQirVRCbgdYD0CZ5AOmI1iEUfDuzPSnIQKCAQEA+u1Gcq5d\nP7sCWun5P4NR8egFXi7NvDFdlgFZEeP1tM5PZLB63mGiOhNEVZwNIGV0tBUVZJ6Q\npJPz2bIptq1HVxVJW/uGh6TsbNR3tW+uMYdgwlPSr9VDCo9BZZHjYRAH1po4OtvV\nbzlVHj+JogLZDle52TuWPQyF4ksDC3L5g/76S0TtNPHdUk82rdJlM/oVcj1VIRPz\nrGPLN6AYSfUOGbvGXMS1nGedVM/v7HJ7EjimqzeIcMQhoetDgK7Re4WJGhZS86ma\n2DfQ7u5v0iTSmf8+IS2djGca9JTn+WQAXOxO/Z4y3c6JNfejk6qRjmUFMYhFCkrR\nJh9O/3oD9IQqvQKCAQEA2yMu9VOCaDoxpKAObKuZtc2s3B/lXm3BNW6Tx9tMJ9tk\n3nJONsgv07vIdOdWXCp3/LJd4Q2idfYiy7TIzDzkIX1wGb17f6MiF2nlX63Z6LsT\n30P0AgSiTkqloCn2JWPmcOniecr75XfcIHLUfrbHb22QzCWVJ0Jif+ZNBUvIDe58\nEc5FW+sUh/kxaDSfTXSOimOnpMbqFyY9fJn58cOtc8mFvkA5bl4YuPv8rZW2ZjB2\nUkETxWXRAcibLSW0YDfrnhYl6eb+naIiYUjRlif+DMlFdenp1C+7AdB9j2Iakv83\nrEIQTYgN9zLNSo11TwLE4VjeTknooRe7T+D0kuawvQKCAQEAoD75d3GNEY8fQOod\nCAeYRHGVRAGF18J67rorpLY9CtuabkYaIXyeepIlWLrQ0ziXoA263Mg6vS/TUdpq\ns0PTxHROphRqZKPZbOL/E/qfdvfqvg+EBFCggNTdwby6RhlTuCRC9qu/kUk+55NS\nFQnWjkdN48Ie/xvJQKwA5MXnPPmP5JO/HMm9OrxlwfoUMW5rVcp/XCF+wz/z3rE5\n8bky6RI26rWg+aJeInSs1waBPDC7l6peUw2eIOa69Cowk77CwMsy7HMK9TwoDP5u\noPhtGnWbutqDu894smuJ/YV0ieNLysHF4Eru620bpMkQLayr9Wb+GEWRbdQewh6s\n+fGRzQKCAQEAoARhFeOVJmbYOU5nOhNUet1ljJf99aZPn6TPZPFN+wzJ62Wsl3Q2\n+HX3OuZyuXqJg4z74IsERv8lCXtJ5VnRfGMMqL8kn1+QVWiOhf99T+TL7gzA8XhQ\nzLrVls8NXuBENc+UATuoFTghFdDEOoNdvpBTW79V2wUuyBZzx5o+y22KS7ZED4rp\nwyDEY0OJ0BV8wLFkiX53EdBqtcH6MgCheBt//h0H0wADLZFUQa1BM/3PaOD8fviK\nVrMWHTGbNWegNiAWL2buJk1urXtvECbD7LJMdn4IsVjpRbno9fq9TPnwvWjAXt0q\n1YfTQM1rC/cJrUQnkSOHK5sYvIuYDG1IQQKCAQEAw1s8casGt0+pK7eL+/zVxQqb\nWwfIby3P2xZy2YncY69RqajcBEFGa+CAapQTJTJaR80jNKVYvFDG/QtFsahxAkN0\nuvGgenPqBeSt8KXjkrXwct7K7dahjmxiQwj9pPQo+zBtwr9MRNq18ddmCvyLK+Rj\nEaGfJ5cjDmR5W7kxDOUjW6QREtboOUu9qjqmQLIXt7ZNpGh+986fGV447C7WPNmj\nqIiDFJwUz1QVFzIXzbjjEn6lPHKbuxUvL50pqCDvFeMfwdSg0redseTrbXUROEy0\nlureoJDZLxHPPK1qS/9wtTmoE//ShLcxW2l0E+BqtO0mlQGCuUAC1kP6nuMtGw==\n-----END RSA PRIVATE KEY-----\n",
            "content_base64": null,
            "directory_permission": "0777",
            "file_permission": "0400",
            "filename": "../pem/nfs-server.pem",
            "id": "ec7c367934d224a40882d4847f6d7571610ca4a6",
            "sensitive_content": null,
            "source": null
          },
          "sensitive_attributes": [
            [
              {
                "type": "get_attr",
                "value": "content"
              }
            ]
          ],
          "private": "bnVsbA==",
          "dependencies": [
            "aws_key_pair.pem",
            "tls_private_key.pk"
          ]
        }
      ]
    },
    {
      "mode": "managed",
      "type": "tls_private_key",
      "name": "pk",
      "provider": "provider[\"registry.terraform.io/hashicorp/tls\"]",
      "instances": [
        {
          "schema_version": 1,
          "attributes": {
            "algorithm": "RSA",
            "ecdsa_curve": "P224",
            "id": "8045b2c8426d659f44979f22d4eedf01b6a75342",
            "private_key_openssh": "-----BEGIN OPENSSH PRIVATE KEY-----\nb3BlbnNzaC1rZXktdjEAAAAABG5vbmUAAAAEbm9uZQAAAAAAAAABAAACFwAAAAdz\nc2gtcnNhAAAAAwEAAQAAAgEA1st3u9ZvY9i2FMwws5Ixa4GWLNITT/BjvSbSSn1B\nT9J8EPZ6zzIXLCljuKc/uMXQ/cahiUgKCQi20AWYSSrIf4dbu3TR9sxPymEXrakC\nIWkaxGflhzoBlZnE33lb11fgWW20lWb9CmTjCINXISzk+lsiGiJutzH6OSvEQig0\n8WtxtFXSyspp54xVzK7jLe+EynmU+IzYmTfqyigAv5TkiLC/NMGIChnNaPKb+Usk\ne+z4qT+cf+dxr0eqjGVH2qqXJC9h5zkF6sQ2AH8xM0sGXzCa9bwnCSp9OFE5jPbJ\nEMMrgdqL4KoPLkY1k7gpfKFeaLyzSUN0qy+L+p5RDgBzz2DCmIwUPn1nZm4gk/Km\n7sHZst9K0DUY4E+g7xEWIxCoxLgpfIBSQltgErfwuC0NLoeQ3OfSUBVl1O43Y289\nLg+2ICR5jpt5hQCL6zhN7xhAQ06pcdOBIlhOITOw2YVc64Yngz/Wa9/xhG1xpFfG\nAbXVtQHEDVFdvww+NBgow8QCno8l1Snh4pMB2Cnp7EIKsH4AiHZf6eebsEPgPdjz\nEqTYD8ZKN/cXZhHVqtRXLFx73PKP5pM1l7J219S16ONXKm4nmLwZ/9d6MYnsNxPq\n7h2fjJClTF9sDzW9wM3bF0qcmy2sItemEL/tw/wq7QufHX5a7Ew57s4/yjH4SJLD\nfYkAAAc4mq6YCZqumAkAAAAHc3NoLXJzYQAAAgEA1st3u9ZvY9i2FMwws5Ixa4GW\nLNITT/BjvSbSSn1BT9J8EPZ6zzIXLCljuKc/uMXQ/cahiUgKCQi20AWYSSrIf4db\nu3TR9sxPymEXrakCIWkaxGflhzoBlZnE33lb11fgWW20lWb9CmTjCINXISzk+lsi\nGiJutzH6OSvEQig08WtxtFXSyspp54xVzK7jLe+EynmU+IzYmTfqyigAv5TkiLC/\nNMGIChnNaPKb+Uske+z4qT+cf+dxr0eqjGVH2qqXJC9h5zkF6sQ2AH8xM0sGXzCa\n9bwnCSp9OFE5jPbJEMMrgdqL4KoPLkY1k7gpfKFeaLyzSUN0qy+L+p5RDgBzz2DC\nmIwUPn1nZm4gk/Km7sHZst9K0DUY4E+g7xEWIxCoxLgpfIBSQltgErfwuC0NLoeQ\n3OfSUBVl1O43Y289Lg+2ICR5jpt5hQCL6zhN7xhAQ06pcdOBIlhOITOw2YVc64Yn\ngz/Wa9/xhG1xpFfGAbXVtQHEDVFdvww+NBgow8QCno8l1Snh4pMB2Cnp7EIKsH4A\niHZf6eebsEPgPdjzEqTYD8ZKN/cXZhHVqtRXLFx73PKP5pM1l7J219S16ONXKm4n\nmLwZ/9d6MYnsNxPq7h2fjJClTF9sDzW9wM3bF0qcmy2sItemEL/tw/wq7QufHX5a\n7Ew57s4/yjH4SJLDfYkAAAADAQABAAACAFC17+3jK8QHAJRcDcjMHEnbTcTVw2/8\nUl4XIlnfKxWFcB0noQoONmrfupr+LZGOs3NImhZtvWeboKYWFB0aOHDDOhL8WJE2\nQJ05Up5srWJEjkxTBgqEH2hJeZLHlV0bpi+0a3DgXCD1u+HNCIZsyjXQ3MWZPqUT\n4IRvD7YUSaCV0QoEXcrZuGXLc8oPxUnTgMBcYz/qHNGmE1GXKoDSv/UlBRQbzLSO\n8YKH91f7hmASsXVXc8UUAMHuWgWbYR6nj1eHfnBWGwUWaXxSTviJLoHCT9gatUha\ncOcijk+LxA3KaKTIrFrlTAMFWsiBIQW11TXiAjR7ZnGU0jKAHtD2Fo2bmkheG5EK\n/3g32dYn/Jydy/16AUomUq4GsCu3A6xnz2YtszDkCTP50Y66oqR6FPcScGiDB3NI\nSB3+WmS0SJTmmeTRsYShgtyU5MeOLXfl5OMuYT8+zAq9qrzZ2//9lyrhyKFV+7NE\ntA0Nuc32jW5SlMiCop1maHb9Ow7MQmdEznJmLl5uxU52+ydEMbUHyRth2bcxwyzG\nuOOPtM8aq3tiRjVEPCqksiVDvy1914OrA+ihffjxcZi6LUVV+McvafC/yvc0tciE\n0qPPJ1JRBH7p0u+KZl0prJFwXhEdqj8RDQ06YPdRViPGpCKtVEJuB1gPQJnkA6Yj\nWIRR8O7M9KchAAABAQDDWzxxqwa3T6krt4v7/NXFCptbB8hvLc/bFnLZidxjr1Gp\nqNwEQUZr4IBqlBMlMlpHzSM0pVi8UMb9C0WxqHECQ3S68aB6c+oF5K3wpeOStfBy\n3srt1qGObGJDCP2k9Cj7MG3Cv0xE2rXx12YK/Isr5GMRoZ8nlyMOZHlbuTEM5SNb\npBES1ug5S72qOqZAshe3tk2kaH73zp8ZXjjsLtY82aOoiIMUnBTPVBUXMhfNuOMS\nfqU8cpu7FS8vnSmoIO8V4x/B1KDSt52x5OttdRE4TLSW6t6gkNkvEc88rWpL/3C1\nOagT/9KEtzFbaXQT4Gq07SaVAYK5QALWQ/qe4y0bAAABAQD67UZyrl0/uwJa6fk/\ng1Hx6AVeLs28MV2WAVkR4/W0zk9ksHreYaI6E0RVnA0gZXS0FRVknpCkk/PZsim2\nrUdXFUlb+4aHpOxs1He1b64xh2DCU9Kv1UMKj0FlkeNhEAfWmjg629VvOVUeP4mi\nAtkOV7nZO5Y9DIXiSwMLcvmD/vpLRO008d1STzat0mUz+hVyPVUhE/OsY8s3oBhJ\n9Q4Zu8ZcxLWcZ51Uz+/scnsSOKarN4hwxCGh60OArtF7hYkaFlLzqZrYN9Du7m/S\nJNKZ/z4hLZ2MZxr0lOf5ZABc7E79njLdzok196OTqpGOZQUxiEUKStEmH07/egP0\nhCq9AAABAQDbIy71U4JoOjGkoA5sq5m1zazcH+VebcE1bpPH20wn22Teck42yC/T\nu8h051ZcKnf8sl3hDaJ19iLLtMjMPOQhfXAZvXt/oyIXaeVfrdnouxPfQ/QCBKJO\nSqWgKfYlY+Zw6eJ5yvvld9wgctR+tsdvbZDMJZUnQmJ/5k0FS8gN7nwRzkVb6xSH\n+TFoNJ9NdI6KY6ekxuoXJj18mfnxw61zyYW+QDluXhi4+/ytlbZmMHZSQRPFZdEB\nyJstJbRgN+ueFiXp5v6doiJhSNGWJ/4MyUV16enUL7sB0H2PYhqS/zesQhBNiA33\nMs1KjXVPAsThWN5OSeihF7tP4PSS5rC9AAAAAAEC\n-----END OPENSSH PRIVATE KEY-----\n",
            "private_key_pem": "-----BEGIN RSA PRIVATE KEY-----\nMIIJKgIBAAKCAgEA1st3u9ZvY9i2FMwws5Ixa4GWLNITT/BjvSbSSn1BT9J8EPZ6\nzzIXLCljuKc/uMXQ/cahiUgKCQi20AWYSSrIf4dbu3TR9sxPymEXrakCIWkaxGfl\nhzoBlZnE33lb11fgWW20lWb9CmTjCINXISzk+lsiGiJutzH6OSvEQig08WtxtFXS\nyspp54xVzK7jLe+EynmU+IzYmTfqyigAv5TkiLC/NMGIChnNaPKb+Uske+z4qT+c\nf+dxr0eqjGVH2qqXJC9h5zkF6sQ2AH8xM0sGXzCa9bwnCSp9OFE5jPbJEMMrgdqL\n4KoPLkY1k7gpfKFeaLyzSUN0qy+L+p5RDgBzz2DCmIwUPn1nZm4gk/Km7sHZst9K\n0DUY4E+g7xEWIxCoxLgpfIBSQltgErfwuC0NLoeQ3OfSUBVl1O43Y289Lg+2ICR5\njpt5hQCL6zhN7xhAQ06pcdOBIlhOITOw2YVc64Yngz/Wa9/xhG1xpFfGAbXVtQHE\nDVFdvww+NBgow8QCno8l1Snh4pMB2Cnp7EIKsH4AiHZf6eebsEPgPdjzEqTYD8ZK\nN/cXZhHVqtRXLFx73PKP5pM1l7J219S16ONXKm4nmLwZ/9d6MYnsNxPq7h2fjJCl\nTF9sDzW9wM3bF0qcmy2sItemEL/tw/wq7QufHX5a7Ew57s4/yjH4SJLDfYkCAwEA\nAQKCAgBQte/t4yvEBwCUXA3IzBxJ203E1cNv/FJeFyJZ3ysVhXAdJ6EKDjZq37qa\n/i2RjrNzSJoWbb1nm6CmFhQdGjhwwzoS/FiRNkCdOVKebK1iRI5MUwYKhB9oSXmS\nx5VdG6YvtGtw4Fwg9bvhzQiGbMo10NzFmT6lE+CEbw+2FEmgldEKBF3K2bhly3PK\nD8VJ04DAXGM/6hzRphNRlyqA0r/1JQUUG8y0jvGCh/dX+4ZgErF1V3PFFADB7loF\nm2Eep49Xh35wVhsFFml8Uk74iS6Bwk/YGrVIWnDnIo5Pi8QNymikyKxa5UwDBVrI\ngSEFtdU14gI0e2ZxlNIygB7Q9haNm5pIXhuRCv94N9nWJ/ycncv9egFKJlKuBrAr\ntwOsZ89mLbMw5Akz+dGOuqKkehT3EnBogwdzSEgd/lpktEiU5pnk0bGEoYLclOTH\nji135eTjLmE/PswKvaq82dv//Zcq4cihVfuzRLQNDbnN9o1uUpTIgqKdZmh2/TsO\nzEJnRM5yZi5ebsVOdvsnRDG1B8kbYdm3McMsxrjjj7TPGqt7YkY1RDwqpLIlQ78t\nfdeDqwPooX348XGYui1FVfjHL2nwv8r3NLXIhNKjzydSUQR+6dLvimZdKayRcF4R\nHao/EQ0NOmD3UVYjxqQirVRCbgdYD0CZ5AOmI1iEUfDuzPSnIQKCAQEA+u1Gcq5d\nP7sCWun5P4NR8egFXi7NvDFdlgFZEeP1tM5PZLB63mGiOhNEVZwNIGV0tBUVZJ6Q\npJPz2bIptq1HVxVJW/uGh6TsbNR3tW+uMYdgwlPSr9VDCo9BZZHjYRAH1po4OtvV\nbzlVHj+JogLZDle52TuWPQyF4ksDC3L5g/76S0TtNPHdUk82rdJlM/oVcj1VIRPz\nrGPLN6AYSfUOGbvGXMS1nGedVM/v7HJ7EjimqzeIcMQhoetDgK7Re4WJGhZS86ma\n2DfQ7u5v0iTSmf8+IS2djGca9JTn+WQAXOxO/Z4y3c6JNfejk6qRjmUFMYhFCkrR\nJh9O/3oD9IQqvQKCAQEA2yMu9VOCaDoxpKAObKuZtc2s3B/lXm3BNW6Tx9tMJ9tk\n3nJONsgv07vIdOdWXCp3/LJd4Q2idfYiy7TIzDzkIX1wGb17f6MiF2nlX63Z6LsT\n30P0AgSiTkqloCn2JWPmcOniecr75XfcIHLUfrbHb22QzCWVJ0Jif+ZNBUvIDe58\nEc5FW+sUh/kxaDSfTXSOimOnpMbqFyY9fJn58cOtc8mFvkA5bl4YuPv8rZW2ZjB2\nUkETxWXRAcibLSW0YDfrnhYl6eb+naIiYUjRlif+DMlFdenp1C+7AdB9j2Iakv83\nrEIQTYgN9zLNSo11TwLE4VjeTknooRe7T+D0kuawvQKCAQEAoD75d3GNEY8fQOod\nCAeYRHGVRAGF18J67rorpLY9CtuabkYaIXyeepIlWLrQ0ziXoA263Mg6vS/TUdpq\ns0PTxHROphRqZKPZbOL/E/qfdvfqvg+EBFCggNTdwby6RhlTuCRC9qu/kUk+55NS\nFQnWjkdN48Ie/xvJQKwA5MXnPPmP5JO/HMm9OrxlwfoUMW5rVcp/XCF+wz/z3rE5\n8bky6RI26rWg+aJeInSs1waBPDC7l6peUw2eIOa69Cowk77CwMsy7HMK9TwoDP5u\noPhtGnWbutqDu894smuJ/YV0ieNLysHF4Eru620bpMkQLayr9Wb+GEWRbdQewh6s\n+fGRzQKCAQEAoARhFeOVJmbYOU5nOhNUet1ljJf99aZPn6TPZPFN+wzJ62Wsl3Q2\n+HX3OuZyuXqJg4z74IsERv8lCXtJ5VnRfGMMqL8kn1+QVWiOhf99T+TL7gzA8XhQ\nzLrVls8NXuBENc+UATuoFTghFdDEOoNdvpBTW79V2wUuyBZzx5o+y22KS7ZED4rp\nwyDEY0OJ0BV8wLFkiX53EdBqtcH6MgCheBt//h0H0wADLZFUQa1BM/3PaOD8fviK\nVrMWHTGbNWegNiAWL2buJk1urXtvECbD7LJMdn4IsVjpRbno9fq9TPnwvWjAXt0q\n1YfTQM1rC/cJrUQnkSOHK5sYvIuYDG1IQQKCAQEAw1s8casGt0+pK7eL+/zVxQqb\nWwfIby3P2xZy2YncY69RqajcBEFGa+CAapQTJTJaR80jNKVYvFDG/QtFsahxAkN0\nuvGgenPqBeSt8KXjkrXwct7K7dahjmxiQwj9pPQo+zBtwr9MRNq18ddmCvyLK+Rj\nEaGfJ5cjDmR5W7kxDOUjW6QREtboOUu9qjqmQLIXt7ZNpGh+986fGV447C7WPNmj\nqIiDFJwUz1QVFzIXzbjjEn6lPHKbuxUvL50pqCDvFeMfwdSg0redseTrbXUROEy0\nlureoJDZLxHPPK1qS/9wtTmoE//ShLcxW2l0E+BqtO0mlQGCuUAC1kP6nuMtGw==\n-----END RSA PRIVATE KEY-----\n",
            "private_key_pem_pkcs8": "-----BEGIN PRIVATE KEY-----\nMIIJRAIBADANBgkqhkiG9w0BAQEFAASCCS4wggkqAgEAAoICAQDWy3e71m9j2LYU\nzDCzkjFrgZYs0hNP8GO9JtJKfUFP0nwQ9nrPMhcsKWO4pz+4xdD9xqGJSAoJCLbQ\nBZhJKsh/h1u7dNH2zE/KYRetqQIhaRrEZ+WHOgGVmcTfeVvXV+BZbbSVZv0KZOMI\ng1chLOT6WyIaIm63Mfo5K8RCKDTxa3G0VdLKymnnjFXMruMt74TKeZT4jNiZN+rK\nKAC/lOSIsL80wYgKGc1o8pv5SyR77PipP5x/53GvR6qMZUfaqpckL2HnOQXqxDYA\nfzEzSwZfMJr1vCcJKn04UTmM9skQwyuB2ovgqg8uRjWTuCl8oV5ovLNJQ3SrL4v6\nnlEOAHPPYMKYjBQ+fWdmbiCT8qbuwdmy30rQNRjgT6DvERYjEKjEuCl8gFJCW2AS\nt/C4LQ0uh5Dc59JQFWXU7jdjbz0uD7YgJHmOm3mFAIvrOE3vGEBDTqlx04EiWE4h\nM7DZhVzrhieDP9Zr3/GEbXGkV8YBtdW1AcQNUV2/DD40GCjDxAKejyXVKeHikwHY\nKensQgqwfgCIdl/p55uwQ+A92PMSpNgPxko39xdmEdWq1FcsXHvc8o/mkzWXsnbX\n1LXo41cqbieYvBn/13oxiew3E+ruHZ+MkKVMX2wPNb3AzdsXSpybLawi16YQv+3D\n/CrtC58dflrsTDnuzj/KMfhIksN9iQIDAQABAoICAFC17+3jK8QHAJRcDcjMHEnb\nTcTVw2/8Ul4XIlnfKxWFcB0noQoONmrfupr+LZGOs3NImhZtvWeboKYWFB0aOHDD\nOhL8WJE2QJ05Up5srWJEjkxTBgqEH2hJeZLHlV0bpi+0a3DgXCD1u+HNCIZsyjXQ\n3MWZPqUT4IRvD7YUSaCV0QoEXcrZuGXLc8oPxUnTgMBcYz/qHNGmE1GXKoDSv/Ul\nBRQbzLSO8YKH91f7hmASsXVXc8UUAMHuWgWbYR6nj1eHfnBWGwUWaXxSTviJLoHC\nT9gatUhacOcijk+LxA3KaKTIrFrlTAMFWsiBIQW11TXiAjR7ZnGU0jKAHtD2Fo2b\nmkheG5EK/3g32dYn/Jydy/16AUomUq4GsCu3A6xnz2YtszDkCTP50Y66oqR6FPcS\ncGiDB3NISB3+WmS0SJTmmeTRsYShgtyU5MeOLXfl5OMuYT8+zAq9qrzZ2//9lyrh\nyKFV+7NEtA0Nuc32jW5SlMiCop1maHb9Ow7MQmdEznJmLl5uxU52+ydEMbUHyRth\n2bcxwyzGuOOPtM8aq3tiRjVEPCqksiVDvy1914OrA+ihffjxcZi6LUVV+McvafC/\nyvc0tciE0qPPJ1JRBH7p0u+KZl0prJFwXhEdqj8RDQ06YPdRViPGpCKtVEJuB1gP\nQJnkA6YjWIRR8O7M9KchAoIBAQD67UZyrl0/uwJa6fk/g1Hx6AVeLs28MV2WAVkR\n4/W0zk9ksHreYaI6E0RVnA0gZXS0FRVknpCkk/PZsim2rUdXFUlb+4aHpOxs1He1\nb64xh2DCU9Kv1UMKj0FlkeNhEAfWmjg629VvOVUeP4miAtkOV7nZO5Y9DIXiSwML\ncvmD/vpLRO008d1STzat0mUz+hVyPVUhE/OsY8s3oBhJ9Q4Zu8ZcxLWcZ51Uz+/s\ncnsSOKarN4hwxCGh60OArtF7hYkaFlLzqZrYN9Du7m/SJNKZ/z4hLZ2MZxr0lOf5\nZABc7E79njLdzok196OTqpGOZQUxiEUKStEmH07/egP0hCq9AoIBAQDbIy71U4Jo\nOjGkoA5sq5m1zazcH+VebcE1bpPH20wn22Teck42yC/Tu8h051ZcKnf8sl3hDaJ1\n9iLLtMjMPOQhfXAZvXt/oyIXaeVfrdnouxPfQ/QCBKJOSqWgKfYlY+Zw6eJ5yvvl\nd9wgctR+tsdvbZDMJZUnQmJ/5k0FS8gN7nwRzkVb6xSH+TFoNJ9NdI6KY6ekxuoX\nJj18mfnxw61zyYW+QDluXhi4+/ytlbZmMHZSQRPFZdEByJstJbRgN+ueFiXp5v6d\noiJhSNGWJ/4MyUV16enUL7sB0H2PYhqS/zesQhBNiA33Ms1KjXVPAsThWN5OSeih\nF7tP4PSS5rC9AoIBAQCgPvl3cY0Rjx9A6h0IB5hEcZVEAYXXwnruuiuktj0K25pu\nRhohfJ56kiVYutDTOJegDbrcyDq9L9NR2mqzQ9PEdE6mFGpko9ls4v8T+p929+q+\nD4QEUKCA1N3BvLpGGVO4JEL2q7+RST7nk1IVCdaOR03jwh7/G8lArADkxec8+Y/k\nk78cyb06vGXB+hQxbmtVyn9cIX7DP/PesTnxuTLpEjbqtaD5ol4idKzXBoE8MLuX\nql5TDZ4g5rr0KjCTvsLAyzLscwr1PCgM/m6g+G0adZu62oO7z3iya4n9hXSJ40vK\nwcXgSu7rbRukyRAtrKv1Zv4YRZFt1B7CHqz58ZHNAoIBAQCgBGEV45UmZtg5Tmc6\nE1R63WWMl/31pk+fpM9k8U37DMnrZayXdDb4dfc65nK5eomDjPvgiwRG/yUJe0nl\nWdF8YwyovySfX5BVaI6F/31P5MvuDMDxeFDMutWWzw1e4EQ1z5QBO6gVOCEV0MQ6\ng12+kFNbv1XbBS7IFnPHmj7LbYpLtkQPiunDIMRjQ4nQFXzAsWSJfncR0Gq1wfoy\nAKF4G3/+HQfTAAMtkVRBrUEz/c9o4Px++IpWsxYdMZs1Z6A2IBYvZu4mTW6te28Q\nJsPsskx2fgixWOlFuej1+r1M+fC9aMBe3SrVh9NAzWsL9wmtRCeRI4crmxi8i5gM\nbUhBAoIBAQDDWzxxqwa3T6krt4v7/NXFCptbB8hvLc/bFnLZidxjr1GpqNwEQUZr\n4IBqlBMlMlpHzSM0pVi8UMb9C0WxqHECQ3S68aB6c+oF5K3wpeOStfBy3srt1qGO\nbGJDCP2k9Cj7MG3Cv0xE2rXx12YK/Isr5GMRoZ8nlyMOZHlbuTEM5SNbpBES1ug5\nS72qOqZAshe3tk2kaH73zp8ZXjjsLtY82aOoiIMUnBTPVBUXMhfNuOMSfqU8cpu7\nFS8vnSmoIO8V4x/B1KDSt52x5OttdRE4TLSW6t6gkNkvEc88rWpL/3C1OagT/9KE\ntzFbaXQT4Gq07SaVAYK5QALWQ/qe4y0b\n-----END PRIVATE KEY-----\n",
            "public_key_fingerprint_md5": "06:ac:a1:57:b4:c3:e8:6d:77:59:70:31:cc:c5:31:fd",
            "public_key_fingerprint_sha256": "SHA256:nz7WyTMwABZyW+yCTtuBQdai4dIGF3aROtmdpKcoxFo",
            "public_key_openssh": "ssh-rsa AAAAB3NzaC1yc2EAAAADAQABAAACAQDWy3e71m9j2LYUzDCzkjFrgZYs0hNP8GO9JtJKfUFP0nwQ9nrPMhcsKWO4pz+4xdD9xqGJSAoJCLbQBZhJKsh/h1u7dNH2zE/KYRetqQIhaRrEZ+WHOgGVmcTfeVvXV+BZbbSVZv0KZOMIg1chLOT6WyIaIm63Mfo5K8RCKDTxa3G0VdLKymnnjFXMruMt74TKeZT4jNiZN+rKKAC/lOSIsL80wYgKGc1o8pv5SyR77PipP5x/53GvR6qMZUfaqpckL2HnOQXqxDYAfzEzSwZfMJr1vCcJKn04UTmM9skQwyuB2ovgqg8uRjWTuCl8oV5ovLNJQ3SrL4v6nlEOAHPPYMKYjBQ+fWdmbiCT8qbuwdmy30rQNRjgT6DvERYjEKjEuCl8gFJCW2ASt/C4LQ0uh5Dc59JQFWXU7jdjbz0uD7YgJHmOm3mFAIvrOE3vGEBDTqlx04EiWE4hM7DZhVzrhieDP9Zr3/GEbXGkV8YBtdW1AcQNUV2/DD40GCjDxAKejyXVKeHikwHYKensQgqwfgCIdl/p55uwQ+A92PMSpNgPxko39xdmEdWq1FcsXHvc8o/mkzWXsnbX1LXo41cqbieYvBn/13oxiew3E+ruHZ+MkKVMX2wPNb3AzdsXSpybLawi16YQv+3D/CrtC58dflrsTDnuzj/KMfhIksN9iQ==\n",
            "public_key_pem": "-----BEGIN PUBLIC KEY-----\nMIICIjANBgkqhkiG9w0BAQEFAAOCAg8AMIICCgKCAgEA1st3u9ZvY9i2FMwws5Ix\na4GWLNITT/BjvSbSSn1BT9J8EPZ6zzIXLCljuKc/uMXQ/cahiUgKCQi20AWYSSrI\nf4dbu3TR9sxPymEXrakCIWkaxGflhzoBlZnE33lb11fgWW20lWb9CmTjCINXISzk\n+lsiGiJutzH6OSvEQig08WtxtFXSyspp54xVzK7jLe+EynmU+IzYmTfqyigAv5Tk\niLC/NMGIChnNaPKb+Uske+z4qT+cf+dxr0eqjGVH2qqXJC9h5zkF6sQ2AH8xM0sG\nXzCa9bwnCSp9OFE5jPbJEMMrgdqL4KoPLkY1k7gpfKFeaLyzSUN0qy+L+p5RDgBz\nz2DCmIwUPn1nZm4gk/Km7sHZst9K0DUY4E+g7xEWIxCoxLgpfIBSQltgErfwuC0N\nLoeQ3OfSUBVl1O43Y289Lg+2ICR5jpt5hQCL6zhN7xhAQ06pcdOBIlhOITOw2YVc\n64Yngz/Wa9/xhG1xpFfGAbXVtQHEDVFdvww+NBgow8QCno8l1Snh4pMB2Cnp7EIK\nsH4AiHZf6eebsEPgPdjzEqTYD8ZKN/cXZhHVqtRXLFx73PKP5pM1l7J219S16ONX\nKm4nmLwZ/9d6MYnsNxPq7h2fjJClTF9sDzW9wM3bF0qcmy2sItemEL/tw/wq7Quf\nHX5a7Ew57s4/yjH4SJLDfYkCAwEAAQ==\n-----END PUBLIC KEY-----\n",
            "rsa_bits": 4096
          },
          "sensitive_attributes": []
        }
      ]
    },
    {
      "module": "module.ebs_csi_irsa_role",
      "mode": "data",
      "type": "aws_caller_identity",
      "name": "current",
      "provider": "provider[\"registry.terraform.io/hashicorp/aws\"]",
      "instances": [
        {
          "schema_version": 0,
          "attributes": {
            "account_id": "998516096174",
            "arn": "arn:aws:iam::998516096174:user/svc-terraform",
            "id": "998516096174",
            "user_id": "AIDA6Q7BSPSXNVRO46LMO"
          },
          "sensitive_attributes": []
        }
      ]
    },
    {
      "module": "module.ebs_csi_irsa_role",
      "mode": "data",
      "type": "aws_iam_policy_document",
      "name": "ebs_csi",
      "provider": "provider[\"registry.terraform.io/hashicorp/aws\"]",
      "instances": [
        {
          "index_key": 0,
          "schema_version": 0,
          "attributes": {
            "id": "932695789",
            "json": "{\n  \"Version\": \"2012-10-17\",\n  \"Statement\": [\n    {\n      \"Effect\": \"Allow\",\n      \"Action\": [\n        \"ec2:ModifyVolume\",\n        \"ec2:DetachVolume\",\n        \"ec2:DescribeVolumesModifications\",\n        \"ec2:DescribeVolumes\",\n        \"ec2:DescribeTags\",\n        \"ec2:DescribeSnapshots\",\n        \"ec2:DescribeInstances\",\n        \"ec2:DescribeAvailabilityZones\",\n        \"ec2:CreateSnapshot\",\n        \"ec2:AttachVolume\"\n      ],\n      \"Resource\": \"*\"\n    },\n    {\n      \"Effect\": \"Allow\",\n      \"Action\": \"ec2:CreateTags\",\n      \"Resource\": [\n        \"arn:aws:ec2:*:*:volume/*\",\n        \"arn:aws:ec2:*:*:snapshot/*\"\n      ],\n      \"Condition\": {\n        \"StringEquals\": {\n          \"ec2:CreateAction\": [\n            \"CreateVolume\",\n            \"CreateSnapshot\"\n          ]\n        }\n      }\n    },\n    {\n      \"Effect\": \"Allow\",\n      \"Action\": \"ec2:DeleteTags\",\n      \"Resource\": [\n        \"arn:aws:ec2:*:*:volume/*\",\n        \"arn:aws:ec2:*:*:snapshot/*\"\n      ]\n    },\n    {\n      \"Effect\": \"Allow\",\n      \"Action\": \"ec2:CreateVolume\",\n      \"Resource\": \"*\",\n      \"Condition\": {\n        \"StringLike\": {\n          \"aws:RequestTag/ebs.csi.aws.com/cluster\": \"true\"\n        }\n      }\n    },\n    {\n      \"Effect\": \"Allow\",\n      \"Action\": \"ec2:CreateVolume\",\n      \"Resource\": \"*\",\n      \"Condition\": {\n        \"StringLike\": {\n          \"aws:RequestTag/CSIVolumeName\": \"*\"\n        }\n      }\n    },\n    {\n      \"Effect\": \"Allow\",\n      \"Action\": \"ec2:CreateVolume\",\n      \"Resource\": \"*\",\n      \"Condition\": {\n        \"StringLike\": {\n          \"aws:RequestTag/kubernetes.io/cluster/*\": \"owned\"\n        }\n      }\n    },\n    {\n      \"Effect\": \"Allow\",\n      \"Action\": \"ec2:DeleteVolume\",\n      \"Resource\": \"*\",\n      \"Condition\": {\n        \"StringLike\": {\n          \"ec2:ResourceTag/ebs.csi.aws.com/cluster\": \"true\"\n        }\n      }\n    },\n    {\n      \"Effect\": \"Allow\",\n      \"Action\": \"ec2:DeleteVolume\",\n      \"Resource\": \"*\",\n      \"Condition\": {\n        \"StringLike\": {\n          \"ec2:ResourceTag/CSIVolumeName\": \"*\"\n        }\n      }\n    },\n    {\n      \"Effect\": \"Allow\",\n      \"Action\": \"ec2:DeleteVolume\",\n      \"Resource\": \"*\",\n      \"Condition\": {\n        \"StringLike\": {\n          \"ec2:ResourceTag/kubernetes.io/cluster/*\": \"owned\"\n        }\n      }\n    },\n    {\n      \"Effect\": \"Allow\",\n      \"Action\": \"ec2:DeleteVolume\",\n      \"Resource\": \"*\",\n      \"Condition\": {\n        \"StringLike\": {\n          \"ec2:ResourceTag/kubernetes.io/created-for/pvc/name\": \"*\"\n        }\n      }\n    },\n    {\n      \"Effect\": \"Allow\",\n      \"Action\": \"ec2:DeleteSnapshot\",\n      \"Resource\": \"*\",\n      \"Condition\": {\n        \"StringLike\": {\n          \"ec2:ResourceTag/CSIVolumeSnapshotName\": \"*\"\n        }\n      }\n    },\n    {\n      \"Effect\": \"Allow\",\n      \"Action\": \"ec2:DeleteSnapshot\",\n      \"Resource\": \"*\",\n      \"Condition\": {\n        \"StringLike\": {\n          \"ec2:ResourceTag/ebs.csi.aws.com/cluster\": \"true\"\n        }\n      }\n    }\n  ]\n}",
            "override_policy_documents": null,
            "policy_id": null,
            "source_policy_documents": null,
            "statement": [
              {
                "actions": [
                  "ec2:AttachVolume",
                  "ec2:CreateSnapshot",
                  "ec2:DescribeAvailabilityZones",
                  "ec2:DescribeInstances",
                  "ec2:DescribeSnapshots",
                  "ec2:DescribeTags",
                  "ec2:DescribeVolumes",
                  "ec2:DescribeVolumesModifications",
                  "ec2:DetachVolume",
                  "ec2:ModifyVolume"
                ],
                "condition": [],
                "effect": "Allow",
                "not_actions": [],
                "not_principals": [],
                "not_resources": [],
                "principals": [],
                "resources": [
                  "*"
                ],
                "sid": ""
              },
              {
                "actions": [
                  "ec2:CreateTags"
                ],
                "condition": [
                  {
                    "test": "StringEquals",
                    "values": [
                      "CreateVolume",
                      "CreateSnapshot"
                    ],
                    "variable": "ec2:CreateAction"
                  }
                ],
                "effect": "Allow",
                "not_actions": [],
                "not_principals": [],
                "not_resources": [],
                "principals": [],
                "resources": [
                  "arn:aws:ec2:*:*:snapshot/*",
                  "arn:aws:ec2:*:*:volume/*"
                ],
                "sid": ""
              },
              {
                "actions": [
                  "ec2:DeleteTags"
                ],
                "condition": [],
                "effect": "Allow",
                "not_actions": [],
                "not_principals": [],
                "not_resources": [],
                "principals": [],
                "resources": [
                  "arn:aws:ec2:*:*:snapshot/*",
                  "arn:aws:ec2:*:*:volume/*"
                ],
                "sid": ""
              },
              {
                "actions": [
                  "ec2:CreateVolume"
                ],
                "condition": [
                  {
                    "test": "StringLike",
                    "values": [
                      "true"
                    ],
                    "variable": "aws:RequestTag/ebs.csi.aws.com/cluster"
                  }
                ],
                "effect": "Allow",
                "not_actions": [],
                "not_principals": [],
                "not_resources": [],
                "principals": [],
                "resources": [
                  "*"
                ],
                "sid": ""
              },
              {
                "actions": [
                  "ec2:CreateVolume"
                ],
                "condition": [
                  {
                    "test": "StringLike",
                    "values": [
                      "*"
                    ],
                    "variable": "aws:RequestTag/CSIVolumeName"
                  }
                ],
                "effect": "Allow",
                "not_actions": [],
                "not_principals": [],
                "not_resources": [],
                "principals": [],
                "resources": [
                  "*"
                ],
                "sid": ""
              },
              {
                "actions": [
                  "ec2:CreateVolume"
                ],
                "condition": [
                  {
                    "test": "StringLike",
                    "values": [
                      "owned"
                    ],
                    "variable": "aws:RequestTag/kubernetes.io/cluster/*"
                  }
                ],
                "effect": "Allow",
                "not_actions": [],
                "not_principals": [],
                "not_resources": [],
                "principals": [],
                "resources": [
                  "*"
                ],
                "sid": ""
              },
              {
                "actions": [
                  "ec2:DeleteVolume"
                ],
                "condition": [
                  {
                    "test": "StringLike",
                    "values": [
                      "true"
                    ],
                    "variable": "ec2:ResourceTag/ebs.csi.aws.com/cluster"
                  }
                ],
                "effect": "Allow",
                "not_actions": [],
                "not_principals": [],
                "not_resources": [],
                "principals": [],
                "resources": [
                  "*"
                ],
                "sid": ""
              },
              {
                "actions": [
                  "ec2:DeleteVolume"
                ],
                "condition": [
                  {
                    "test": "StringLike",
                    "values": [
                      "*"
                    ],
                    "variable": "ec2:ResourceTag/CSIVolumeName"
                  }
                ],
                "effect": "Allow",
                "not_actions": [],
                "not_principals": [],
                "not_resources": [],
                "principals": [],
                "resources": [
                  "*"
                ],
                "sid": ""
              },
              {
                "actions": [
                  "ec2:DeleteVolume"
                ],
                "condition": [
                  {
                    "test": "StringLike",
                    "values": [
                      "owned"
                    ],
                    "variable": "ec2:ResourceTag/kubernetes.io/cluster/*"
                  }
                ],
                "effect": "Allow",
                "not_actions": [],
                "not_principals": [],
                "not_resources": [],
                "principals": [],
                "resources": [
                  "*"
                ],
                "sid": ""
              },
              {
                "actions": [
                  "ec2:DeleteVolume"
                ],
                "condition": [
                  {
                    "test": "StringLike",
                    "values": [
                      "*"
                    ],
                    "variable": "ec2:ResourceTag/kubernetes.io/created-for/pvc/name"
                  }
                ],
                "effect": "Allow",
                "not_actions": [],
                "not_principals": [],
                "not_resources": [],
                "principals": [],
                "resources": [
                  "*"
                ],
                "sid": ""
              },
              {
                "actions": [
                  "ec2:DeleteSnapshot"
                ],
                "condition": [
                  {
                    "test": "StringLike",
                    "values": [
                      "*"
                    ],
                    "variable": "ec2:ResourceTag/CSIVolumeSnapshotName"
                  }
                ],
                "effect": "Allow",
                "not_actions": [],
                "not_principals": [],
                "not_resources": [],
                "principals": [],
                "resources": [
                  "*"
                ],
                "sid": ""
              },
              {
                "actions": [
                  "ec2:DeleteSnapshot"
                ],
                "condition": [
                  {
                    "test": "StringLike",
                    "values": [
                      "true"
                    ],
                    "variable": "ec2:ResourceTag/ebs.csi.aws.com/cluster"
                  }
                ],
                "effect": "Allow",
                "not_actions": [],
                "not_principals": [],
                "not_resources": [],
                "principals": [],
                "resources": [
                  "*"
                ],
                "sid": ""
              }
            ],
            "version": "2012-10-17"
          },
          "sensitive_attributes": []
        }
      ]
    },
    {
      "module": "module.ebs_csi_irsa_role",
      "mode": "data",
      "type": "aws_iam_policy_document",
      "name": "this",
      "provider": "provider[\"registry.terraform.io/hashicorp/aws\"]",
      "instances": [
        {
          "index_key": 0,
          "schema_version": 0,
          "attributes": {
            "id": "3979256705",
            "json": "{\n  \"Version\": \"2012-10-17\",\n  \"Statement\": [\n    {\n      \"Effect\": \"Allow\",\n      \"Action\": \"sts:AssumeRoleWithWebIdentity\",\n      \"Principal\": {\n        \"Federated\": \"arn:aws:iam::998516096174:oidc-provider/oidc.eks.ap-south-1.amazonaws.com/id/891A7D4592CD19583F87668DC5B5A676\"\n      },\n      \"Condition\": {\n        \"StringEquals\": {\n          \"oidc.eks.ap-south-1.amazonaws.com/id/891A7D4592CD19583F87668DC5B5A676:aud\": \"sts.amazonaws.com\",\n          \"oidc.eks.ap-south-1.amazonaws.com/id/891A7D4592CD19583F87668DC5B5A676:sub\": \"system:serviceaccount:kube-system:ebs-csi-controller-sa\"\n        }\n      }\n    }\n  ]\n}",
            "override_policy_documents": null,
            "policy_id": null,
            "source_policy_documents": null,
            "statement": [
              {
                "actions": [
                  "sts:AssumeRoleWithWebIdentity"
                ],
                "condition": [
                  {
                    "test": "StringEquals",
                    "values": [
                      "sts.amazonaws.com"
                    ],
                    "variable": "oidc.eks.ap-south-1.amazonaws.com/id/891A7D4592CD19583F87668DC5B5A676:aud"
                  },
                  {
                    "test": "StringEquals",
                    "values": [
                      "system:serviceaccount:kube-system:ebs-csi-controller-sa"
                    ],
                    "variable": "oidc.eks.ap-south-1.amazonaws.com/id/891A7D4592CD19583F87668DC5B5A676:sub"
                  }
                ],
                "effect": "Allow",
                "not_actions": [],
                "not_principals": [],
                "not_resources": [],
                "principals": [
                  {
                    "identifiers": [
                      "arn:aws:iam::998516096174:oidc-provider/oidc.eks.ap-south-1.amazonaws.com/id/891A7D4592CD19583F87668DC5B5A676"
                    ],
                    "type": "Federated"
                  }
                ],
                "resources": [],
                "sid": ""
              }
            ],
            "version": "2012-10-17"
          },
          "sensitive_attributes": []
        }
      ]
    },
    {
      "module": "module.ebs_csi_irsa_role",
      "mode": "data",
      "type": "aws_partition",
      "name": "current",
      "provider": "provider[\"registry.terraform.io/hashicorp/aws\"]",
      "instances": [
        {
          "schema_version": 0,
          "attributes": {
            "dns_suffix": "amazonaws.com",
            "id": "aws",
            "partition": "aws",
            "reverse_dns_prefix": "com.amazonaws"
          },
          "sensitive_attributes": []
        }
      ]
    },
    {
      "module": "module.ebs_csi_irsa_role",
      "mode": "data",
      "type": "aws_region",
      "name": "current",
      "provider": "provider[\"registry.terraform.io/hashicorp/aws\"]",
      "instances": [
        {
          "schema_version": 0,
          "attributes": {
            "description": "Asia Pacific (Mumbai)",
            "endpoint": "ec2.ap-south-1.amazonaws.com",
            "id": "ap-south-1",
            "name": "ap-south-1"
          },
          "sensitive_attributes": []
        }
      ]
    },
    {
      "module": "module.ebs_csi_irsa_role",
      "mode": "managed",
      "type": "aws_iam_policy",
      "name": "ebs_csi",
      "provider": "provider[\"registry.terraform.io/hashicorp/aws\"]",
      "instances": [
        {
          "index_key": 0,
          "schema_version": 0,
          "attributes": {
            "arn": "arn:aws:iam::998516096174:policy/AmazonEKS_EBS_CSI_Policy-20230610051130381900000005",
            "description": "Provides permissions to manage EBS volumes via the container storage interface driver",
            "id": "arn:aws:iam::998516096174:policy/AmazonEKS_EBS_CSI_Policy-20230610051130381900000005",
            "name": "AmazonEKS_EBS_CSI_Policy-20230610051130381900000005",
            "name_prefix": "AmazonEKS_EBS_CSI_Policy-",
            "path": "/",
            "policy": "{\"Statement\":[{\"Action\":[\"ec2:ModifyVolume\",\"ec2:DetachVolume\",\"ec2:DescribeVolumesModifications\",\"ec2:DescribeVolumes\",\"ec2:DescribeTags\",\"ec2:DescribeSnapshots\",\"ec2:DescribeInstances\",\"ec2:DescribeAvailabilityZones\",\"ec2:CreateSnapshot\",\"ec2:AttachVolume\"],\"Effect\":\"Allow\",\"Resource\":\"*\"},{\"Action\":\"ec2:CreateTags\",\"Condition\":{\"StringEquals\":{\"ec2:CreateAction\":[\"CreateVolume\",\"CreateSnapshot\"]}},\"Effect\":\"Allow\",\"Resource\":[\"arn:aws:ec2:*:*:volume/*\",\"arn:aws:ec2:*:*:snapshot/*\"]},{\"Action\":\"ec2:DeleteTags\",\"Effect\":\"Allow\",\"Resource\":[\"arn:aws:ec2:*:*:volume/*\",\"arn:aws:ec2:*:*:snapshot/*\"]},{\"Action\":\"ec2:CreateVolume\",\"Condition\":{\"StringLike\":{\"aws:RequestTag/ebs.csi.aws.com/cluster\":\"true\"}},\"Effect\":\"Allow\",\"Resource\":\"*\"},{\"Action\":\"ec2:CreateVolume\",\"Condition\":{\"StringLike\":{\"aws:RequestTag/CSIVolumeName\":\"*\"}},\"Effect\":\"Allow\",\"Resource\":\"*\"},{\"Action\":\"ec2:CreateVolume\",\"Condition\":{\"StringLike\":{\"aws:RequestTag/kubernetes.io/cluster/*\":\"owned\"}},\"Effect\":\"Allow\",\"Resource\":\"*\"},{\"Action\":\"ec2:DeleteVolume\",\"Condition\":{\"StringLike\":{\"ec2:ResourceTag/ebs.csi.aws.com/cluster\":\"true\"}},\"Effect\":\"Allow\",\"Resource\":\"*\"},{\"Action\":\"ec2:DeleteVolume\",\"Condition\":{\"StringLike\":{\"ec2:ResourceTag/CSIVolumeName\":\"*\"}},\"Effect\":\"Allow\",\"Resource\":\"*\"},{\"Action\":\"ec2:DeleteVolume\",\"Condition\":{\"StringLike\":{\"ec2:ResourceTag/kubernetes.io/cluster/*\":\"owned\"}},\"Effect\":\"Allow\",\"Resource\":\"*\"},{\"Action\":\"ec2:DeleteVolume\",\"Condition\":{\"StringLike\":{\"ec2:ResourceTag/kubernetes.io/created-for/pvc/name\":\"*\"}},\"Effect\":\"Allow\",\"Resource\":\"*\"},{\"Action\":\"ec2:DeleteSnapshot\",\"Condition\":{\"StringLike\":{\"ec2:ResourceTag/CSIVolumeSnapshotName\":\"*\"}},\"Effect\":\"Allow\",\"Resource\":\"*\"},{\"Action\":\"ec2:DeleteSnapshot\",\"Condition\":{\"StringLike\":{\"ec2:ResourceTag/ebs.csi.aws.com/cluster\":\"true\"}},\"Effect\":\"Allow\",\"Resource\":\"*\"}],\"Version\":\"2012-10-17\"}",
            "policy_id": "ANPA6Q7BSPSXBHKZG2I3N",
            "tags": {},
            "tags_all": {}
          },
          "sensitive_attributes": [],
          "private": "bnVsbA==",
          "dependencies": [
            "module.ebs_csi_irsa_role.data.aws_iam_policy_document.ebs_csi",
            "module.ebs_csi_irsa_role.data.aws_partition.current"
          ]
        }
      ]
    },
    {
      "module": "module.ebs_csi_irsa_role",
      "mode": "managed",
      "type": "aws_iam_role",
      "name": "this",
      "provider": "provider[\"registry.terraform.io/hashicorp/aws\"]",
      "instances": [
        {
          "index_key": 0,
          "schema_version": 0,
          "attributes": {
            "arn": "arn:aws:iam::998516096174:role/ebs-csi-testing-eks-2-role",
            "assume_role_policy": "{\"Statement\":[{\"Action\":\"sts:AssumeRoleWithWebIdentity\",\"Condition\":{\"StringEquals\":{\"oidc.eks.ap-south-1.amazonaws.com/id/891A7D4592CD19583F87668DC5B5A676:aud\":\"sts.amazonaws.com\",\"oidc.eks.ap-south-1.amazonaws.com/id/891A7D4592CD19583F87668DC5B5A676:sub\":\"system:serviceaccount:kube-system:ebs-csi-controller-sa\"}},\"Effect\":\"Allow\",\"Principal\":{\"Federated\":\"arn:aws:iam::998516096174:oidc-provider/oidc.eks.ap-south-1.amazonaws.com/id/891A7D4592CD19583F87668DC5B5A676\"}}],\"Version\":\"2012-10-17\"}",
            "create_date": "2023-06-10T05:21:26Z",
            "description": "",
            "force_detach_policies": true,
            "id": "ebs-csi-testing-eks-2-role",
            "inline_policy": [],
            "managed_policy_arns": [
              "arn:aws:iam::998516096174:policy/AmazonEKS_EBS_CSI_Policy-20230610051130381900000005"
            ],
            "max_session_duration": 3600,
            "name": "ebs-csi-testing-eks-2-role",
            "name_prefix": "",
            "path": "/",
            "permissions_boundary": null,
            "tags": {},
            "tags_all": {},
            "unique_id": "AROA6Q7BSPSXMSMLDSK6L"
          },
          "sensitive_attributes": [],
          "private": "bnVsbA==",
          "dependencies": [
            "module.ebs_csi_irsa_role.data.aws_caller_identity.current",
            "module.ebs_csi_irsa_role.data.aws_iam_policy_document.this",
            "module.ebs_csi_irsa_role.data.aws_partition.current",
            "module.eks.aws_cloudwatch_log_group.this",
            "module.eks.aws_eks_cluster.this",
            "module.eks.aws_iam_openid_connect_provider.oidc_provider",
            "module.eks.aws_iam_policy.cni_ipv6_policy",
            "module.eks.aws_iam_role.this",
            "module.eks.aws_iam_role_policy_attachment.this",
            "module.eks.aws_security_group.cluster",
            "module.eks.aws_security_group.node",
            "module.eks.aws_security_group_rule.cluster",
            "module.eks.aws_security_group_rule.node",
            "module.eks.data.aws_caller_identity.current",
            "module.eks.data.aws_iam_policy_document.assume_role_policy",
            "module.eks.data.aws_iam_policy_document.cni_ipv6_policy",
            "module.eks.data.aws_iam_session_context.current",
            "module.eks.data.aws_partition.current",
            "module.eks.data.tls_certificate.this",
            "module.eks.module.kms.aws_kms_external_key.this",
            "module.eks.module.kms.aws_kms_key.this",
            "module.eks.module.kms.data.aws_caller_identity.current",
            "module.eks.module.kms.data.aws_iam_policy_document.this",
            "module.eks.module.kms.data.aws_partition.current"
          ]
        }
      ]
    },
    {
      "module": "module.ebs_csi_irsa_role",
      "mode": "managed",
      "type": "aws_iam_role_policy_attachment",
      "name": "ebs_csi",
      "provider": "provider[\"registry.terraform.io/hashicorp/aws\"]",
      "instances": [
        {
          "index_key": 0,
          "schema_version": 0,
          "attributes": {
            "id": "ebs-csi-testing-eks-2-role-2023061005212801950000000f",
            "policy_arn": "arn:aws:iam::998516096174:policy/AmazonEKS_EBS_CSI_Policy-20230610051130381900000005",
            "role": "ebs-csi-testing-eks-2-role"
          },
          "sensitive_attributes": [],
          "private": "bnVsbA==",
          "dependencies": [
            "module.ebs_csi_irsa_role.aws_iam_policy.ebs_csi",
            "module.ebs_csi_irsa_role.aws_iam_role.this",
            "module.ebs_csi_irsa_role.data.aws_caller_identity.current",
            "module.ebs_csi_irsa_role.data.aws_iam_policy_document.ebs_csi",
            "module.ebs_csi_irsa_role.data.aws_iam_policy_document.this",
            "module.ebs_csi_irsa_role.data.aws_partition.current",
            "module.eks.aws_cloudwatch_log_group.this",
            "module.eks.aws_eks_cluster.this",
            "module.eks.aws_iam_openid_connect_provider.oidc_provider",
            "module.eks.aws_iam_policy.cni_ipv6_policy",
            "module.eks.aws_iam_role.this",
            "module.eks.aws_iam_role_policy_attachment.this",
            "module.eks.aws_security_group.cluster",
            "module.eks.aws_security_group.node",
            "module.eks.aws_security_group_rule.cluster",
            "module.eks.aws_security_group_rule.node",
            "module.eks.data.aws_caller_identity.current",
            "module.eks.data.aws_iam_policy_document.assume_role_policy",
            "module.eks.data.aws_iam_policy_document.cni_ipv6_policy",
            "module.eks.data.aws_iam_session_context.current",
            "module.eks.data.aws_partition.current",
            "module.eks.data.tls_certificate.this",
            "module.eks.module.kms.aws_kms_external_key.this",
            "module.eks.module.kms.aws_kms_key.this",
            "module.eks.module.kms.data.aws_caller_identity.current",
            "module.eks.module.kms.data.aws_iam_policy_document.this",
            "module.eks.module.kms.data.aws_partition.current"
          ]
        }
      ]
    },
    {
      "module": "module.eks",
      "mode": "data",
      "type": "aws_caller_identity",
      "name": "current",
      "provider": "provider[\"registry.terraform.io/hashicorp/aws\"]",
      "instances": [
        {
          "schema_version": 0,
          "attributes": {
            "account_id": "998516096174",
            "arn": "arn:aws:iam::998516096174:user/svc-terraform",
            "id": "998516096174",
            "user_id": "AIDA6Q7BSPSXNVRO46LMO"
          },
          "sensitive_attributes": []
        }
      ]
    },
    {
      "module": "module.eks",
      "mode": "data",
      "type": "aws_eks_addon_version",
      "name": "this",
      "provider": "provider[\"registry.terraform.io/hashicorp/aws\"]",
      "instances": [
        {
          "index_key": "aws-ebs-csi-driver",
          "schema_version": 0,
          "attributes": {
            "addon_name": "aws-ebs-csi-driver",
            "id": "aws-ebs-csi-driver",
            "kubernetes_version": "1.26",
            "most_recent": false,
            "version": "v1.19.0-eksbuild.2"
          },
          "sensitive_attributes": []
        }
      ]
    },
    {
      "module": "module.eks",
      "mode": "data",
      "type": "aws_iam_policy_document",
      "name": "assume_role_policy",
      "provider": "provider[\"registry.terraform.io/hashicorp/aws\"]",
      "instances": [
        {
          "index_key": 0,
          "schema_version": 0,
          "attributes": {
            "id": "2764486067",
            "json": "{\n  \"Version\": \"2012-10-17\",\n  \"Statement\": [\n    {\n      \"Sid\": \"EKSClusterAssumeRole\",\n      \"Effect\": \"Allow\",\n      \"Action\": \"sts:AssumeRole\",\n      \"Principal\": {\n        \"Service\": \"eks.amazonaws.com\"\n      }\n    }\n  ]\n}",
            "override_policy_documents": null,
            "policy_id": null,
            "source_policy_documents": null,
            "statement": [
              {
                "actions": [
                  "sts:AssumeRole"
                ],
                "condition": [],
                "effect": "Allow",
                "not_actions": [],
                "not_principals": [],
                "not_resources": [],
                "principals": [
                  {
                    "identifiers": [
                      "eks.amazonaws.com"
                    ],
                    "type": "Service"
                  }
                ],
                "resources": [],
                "sid": "EKSClusterAssumeRole"
              }
            ],
            "version": "2012-10-17"
          },
          "sensitive_attributes": []
        }
      ]
    },
    {
      "module": "module.eks",
      "mode": "data",
      "type": "aws_iam_session_context",
      "name": "current",
      "provider": "provider[\"registry.terraform.io/hashicorp/aws\"]",
      "instances": [
        {
          "schema_version": 0,
          "attributes": {
            "arn": "arn:aws:iam::998516096174:user/svc-terraform",
            "id": "arn:aws:iam::998516096174:user/svc-terraform",
            "issuer_arn": "arn:aws:iam::998516096174:user/svc-terraform",
            "issuer_id": "",
            "issuer_name": "",
            "session_name": ""
          },
          "sensitive_attributes": []
        }
      ]
    },
    {
      "module": "module.eks",
      "mode": "data",
      "type": "aws_partition",
      "name": "current",
      "provider": "provider[\"registry.terraform.io/hashicorp/aws\"]",
      "instances": [
        {
          "schema_version": 0,
          "attributes": {
            "dns_suffix": "amazonaws.com",
            "id": "aws",
            "partition": "aws",
            "reverse_dns_prefix": "com.amazonaws"
          },
          "sensitive_attributes": []
        }
      ]
    },
    {
      "module": "module.eks",
      "mode": "data",
      "type": "tls_certificate",
      "name": "this",
      "provider": "provider[\"registry.terraform.io/hashicorp/tls\"]",
      "instances": [
        {
          "index_key": 0,
          "schema_version": 0,
          "attributes": {
            "certificates": [
              {
                "cert_pem": "-----BEGIN CERTIFICATE-----\nMIIEdTCCA12gAwIBAgIJAKcOSkw0grd/MA0GCSqGSIb3DQEBCwUAMGgxCzAJBgNV\nBAYTAlVTMSUwIwYDVQQKExxTdGFyZmllbGQgVGVjaG5vbG9naWVzLCBJbmMuMTIw\nMAYDVQQLEylTdGFyZmllbGQgQ2xhc3MgMiBDZXJ0aWZpY2F0aW9uIEF1dGhvcml0\neTAeFw0wOTA5MDIwMDAwMDBaFw0zNDA2MjgxNzM5MTZaMIGYMQswCQYDVQQGEwJV\nUzEQMA4GA1UECBMHQXJpem9uYTETMBEGA1UEBxMKU2NvdHRzZGFsZTElMCMGA1UE\nChMcU3RhcmZpZWxkIFRlY2hub2xvZ2llcywgSW5jLjE7MDkGA1UEAxMyU3RhcmZp\nZWxkIFNlcnZpY2VzIFJvb3QgQ2VydGlmaWNhdGUgQXV0aG9yaXR5IC0gRzIwggEi\nMA0GCSqGSIb3DQEBAQUAA4IBDwAwggEKAoIBAQDVDDrEKvlO4vW+GZdfjohTsR8/\ny8+fIBNtKTrID30892t2OGPZNmCom15cAICyL1l/9of5JUOG52kbUpqQ4XHj2C0N\nTm/2yEnZtvMaVq4rtnQU68/7JuMauh2WLmo7WJSJR1b/JaCTcFOD2oR0FMNnngRo\nOt+OQFodSk7PQ5E751bWAHDLUu57fa4657wx+UX2wmDPE1kCK4DMNEffud6QZW0C\nzyyRpqbn3oUYSXxmTqM6bam17jQuug0DuDPfR+uxa40l2ZvOgdFFRjKWcIfeAg5J\nQ4W2bHO7ZOphQazJ1FTfhy/HIrImzJ9ZVGif/L4qL8RVHHVAYBeFAlU5i38FAgMB\nAAGjgfAwge0wDwYDVR0TAQH/BAUwAwEB/zAOBgNVHQ8BAf8EBAMCAYYwHQYDVR0O\nBBYEFJxfAN+qAdcwKziIorhtSpzyEZGDMB8GA1UdIwQYMBaAFL9ft9HO3R+G9FtV\nrNzXEMIOqYjnME8GCCsGAQUFBwEBBEMwQTAcBggrBgEFBQcwAYYQaHR0cDovL28u\nc3MyLnVzLzAhBggrBgEFBQcwAoYVaHR0cDovL3guc3MyLnVzL3guY2VyMCYGA1Ud\nHwQfMB0wG6AZoBeGFWh0dHA6Ly9zLnNzMi51cy9yLmNybDARBgNVHSAECjAIMAYG\nBFUdIAAwDQYJKoZIhvcNAQELBQADggEBACMd44pXyn3pF3lM8R5V/cxTbj5HD9/G\nVfKyBDbtgB9TxF00KGu+x1X8Z+rLP3+QsjPNG1gQggL4+C/1E2DUBc7xgQjB3ad1\nl08YuW3e95ORCLp+QCztweq7dp4zBncdDQh/U90bZKuCJ/Fp1U1ervShw3WnWEQt\n8jxwmKy6abaVd38PMV4s/KCHOkdp8Hlf9BRUpJVeEXgSYCfOn8J3/yNTd126/+pZ\n59vPr5KW7ySaNRB6nJHGDn2Z9j8Z3/VyVOEVqQdZe4O/Ui5GjLIAZHYcSNPYeehu\nVsyuLAOQ1xk4meTKCRlb/weWsKh/NEnfVqn3sF/tM+2MR7cwA130A4w=\n-----END CERTIFICATE-----\n",
                "is_ca": true,
                "issuer": "OU=Starfield Class 2 Certification Authority,O=Starfield Technologies\\, Inc.,C=US",
                "not_after": "2034-06-28T17:39:16Z",
                "not_before": "2009-09-02T00:00:00Z",
                "public_key_algorithm": "RSA",
                "serial_number": "12037640545166866303",
                "sha1_fingerprint": "9e99a48a9960b14926bb7f3b02e22da2b0ab7280",
                "signature_algorithm": "SHA256-RSA",
                "subject": "CN=Starfield Services Root Certificate Authority - G2,O=Starfield Technologies\\, Inc.,L=Scottsdale,ST=Arizona,C=US",
                "version": 3
              },
              {
                "cert_pem": "-----BEGIN CERTIFICATE-----\nMIIEkjCCA3qgAwIBAgITBn+USionzfP6wq4rAfkI7rnExjANBgkqhkiG9w0BAQsF\nADCBmDELMAkGA1UEBhMCVVMxEDAOBgNVBAgTB0FyaXpvbmExEzARBgNVBAcTClNj\nb3R0c2RhbGUxJTAjBgNVBAoTHFN0YXJmaWVsZCBUZWNobm9sb2dpZXMsIEluYy4x\nOzA5BgNVBAMTMlN0YXJmaWVsZCBTZXJ2aWNlcyBSb290IENlcnRpZmljYXRlIEF1\ndGhvcml0eSAtIEcyMB4XDTE1MDUyNTEyMDAwMFoXDTM3MTIzMTAxMDAwMFowOTEL\nMAkGA1UEBhMCVVMxDzANBgNVBAoTBkFtYXpvbjEZMBcGA1UEAxMQQW1hem9uIFJv\nb3QgQ0EgMTCCASIwDQYJKoZIhvcNAQEBBQADggEPADCCAQoCggEBALJ4gHHKeNXj\nca9HgFB0fW7Y14h29Jlo91ghYPl0hAEvrAIthtOgQ3pOsqTQNroBvo3bSMgHFzZM\n9O6II8c+6zf1tRn4SWiw3te5djgdYZ6k/oI2peVKVuRF4fn9tBb6dNqcmzU5L/qw\nIFAGbHrQgLKm+a/sRxmPUDgH3KKHOVj4utWp+UhnMJbulHheb4mjUcAwhmahRWa6\nVOujw5H5SNz/0egwLX0tdHA114gk957EWW67c4cX8jJGKLhD+rcdqsq08p8kDi1L\n93FcXmn/6pUCyziKrlA4b9v7LWIbxcceVOF34GfID5yHI9Y/QCB/IIDEgEw+OyQm\njgSubJrIqg0CAwEAAaOCATEwggEtMA8GA1UdEwEB/wQFMAMBAf8wDgYDVR0PAQH/\nBAQDAgGGMB0GA1UdDgQWBBSEGMyFNOy8DJSULghZnMeyEE4KCDAfBgNVHSMEGDAW\ngBScXwDfqgHXMCs4iKK4bUqc8hGRgzB4BggrBgEFBQcBAQRsMGowLgYIKwYBBQUH\nMAGGImh0dHA6Ly9vY3NwLnJvb3RnMi5hbWF6b250cnVzdC5jb20wOAYIKwYBBQUH\nMAKGLGh0dHA6Ly9jcnQucm9vdGcyLmFtYXpvbnRydXN0LmNvbS9yb290ZzIuY2Vy\nMD0GA1UdHwQ2MDQwMqAwoC6GLGh0dHA6Ly9jcmwucm9vdGcyLmFtYXpvbnRydXN0\nLmNvbS9yb290ZzIuY3JsMBEGA1UdIAQKMAgwBgYEVR0gADANBgkqhkiG9w0BAQsF\nAAOCAQEAYjdCXLwQtT6LLOkMm2xF4gcAevnFWAu5CIw+7bMlPLVvUOTNNWqnkzSW\nMiGpSESrnO09tKpzbeR/FoCJbM8oAxiDR3mjEH4wW6w7sGDgd9QIpuEdfF7Au/ma\neyKdpwAJfqxGF4PcnCZXmTA5YpaP7dreqsXMGz7KQ2hsVxa81Q4gLv7/wmpdLqBK\nbRRYh5TmOTFffHPLkIhqhBGWJ6bt2YFGpn6jcgAKUj6DiAdjd4lpFw85hdKrCEVN\n0FE6/V1dN2RMfjCyVSRCnTawXZwXgWHxyvkQAiSr6w10kY17RSlQOYiypok1JR4U\nakcjMS9cmvqtmg5iUaQqqcT5NJ0hGA==\n-----END CERTIFICATE-----\n",
                "is_ca": true,
                "issuer": "CN=Starfield Services Root Certificate Authority - G2,O=Starfield Technologies\\, Inc.,L=Scottsdale,ST=Arizona,C=US",
                "not_after": "2037-12-31T01:00:00Z",
                "not_before": "2015-05-25T12:00:00Z",
                "public_key_algorithm": "RSA",
                "serial_number": "144918191876577076464031512351042010504348870",
                "sha1_fingerprint": "06b25927c42a721631c1efd9431e648fa62e1e39",
                "signature_algorithm": "SHA256-RSA",
                "subject": "CN=Amazon Root CA 1,O=Amazon,C=US",
                "version": 3
              },
              {
                "cert_pem": "-----BEGIN CERTIFICATE-----\nMIIEXjCCA0agAwIBAgITB3MSOAudZoijOx7Zv5zNpo4ODzANBgkqhkiG9w0BAQsF\nADA5MQswCQYDVQQGEwJVUzEPMA0GA1UEChMGQW1hem9uMRkwFwYDVQQDExBBbWF6\nb24gUm9vdCBDQSAxMB4XDTIyMDgyMzIyMjEyOFoXDTMwMDgyMzIyMjEyOFowPDEL\nMAkGA1UEBhMCVVMxDzANBgNVBAoTBkFtYXpvbjEcMBoGA1UEAxMTQW1hem9uIFJT\nQSAyMDQ4IE0wMTCCASIwDQYJKoZIhvcNAQEBBQADggEPADCCAQoCggEBAOtxLKnL\nH4gokjIwr4pXD3i3NyWVVYesZ1yX0yLI2qIUZ2t88Gfa4gMqs1YSXca1R/lnCKeT\nepWSGA+0+fkQNpp/L4C2T7oTTsddUx7g3ZYzByDTlrwS5HRQQqEFE3O1T5tEJP4t\nf+28IoXsNiEzl3UGzicYgtzj2cWCB41eJgEmJmcf2T8TzzK6a614ZPyq/w4CPAff\nnAV4coz96nW3AyiE2uhuB4zQUIXvgVSycW7sbWLvj5TDXunEpNCRwC4kkZjK7rol\njtT2cbb7W2s4Bkg3R42G3PLqBvt2N32e/0JOTViCk8/iccJ4sXqrS1uUN4iB5Nmv\nJK74csVl+0u0UecCAwEAAaOCAVowggFWMBIGA1UdEwEB/wQIMAYBAf8CAQAwDgYD\nVR0PAQH/BAQDAgGGMB0GA1UdJQQWMBQGCCsGAQUFBwMBBggrBgEFBQcDAjAdBgNV\nHQ4EFgQUgbgOY4qJEhjl+js7UJWf5uWQE4UwHwYDVR0jBBgwFoAUhBjMhTTsvAyU\nlC4IWZzHshBOCggwewYIKwYBBQUHAQEEbzBtMC8GCCsGAQUFBzABhiNodHRwOi8v\nb2NzcC5yb290Y2ExLmFtYXpvbnRydXN0LmNvbTA6BggrBgEFBQcwAoYuaHR0cDov\nL2NydC5yb290Y2ExLmFtYXpvbnRydXN0LmNvbS9yb290Y2ExLmNlcjA/BgNVHR8E\nODA2MDSgMqAwhi5odHRwOi8vY3JsLnJvb3RjYTEuYW1hem9udHJ1c3QuY29tL3Jv\nb3RjYTEuY3JsMBMGA1UdIAQMMAowCAYGZ4EMAQIBMA0GCSqGSIb3DQEBCwUAA4IB\nAQCtAN4CBSMuBjJitGuxlBbkEUDeK/pZwTXv4KqPK0G50fOHOQAd8j21p0cMBgbG\nkfMHVwLU7b0XwZCav0h1ogdPMN1KakK1DT0VwA/+hFvGPJnMV1Kx2G4S1ZaSk0uU\n5QfoiYIIano01J5k4T2HapKQmmOhS/iPtuo00wW+IMLeBuKMn3OLn005hcrOGTad\nhcmeyfhQP7Z+iKHvyoQGi1C0ClymHETx/chhQGDyYSWqB/THwnN15AwLQo0E5V9E\nSJlbe4mBlqeInUsNYugExNf+tOiybcrswBy8OFsd34XOW3rjSUtsuafd9AWySa3h\nxRRrwszrzX/WWGm6wyB+f7C4\n-----END CERTIFICATE-----\n",
                "is_ca": true,
                "issuer": "CN=Amazon Root CA 1,O=Amazon,C=US",
                "not_after": "2030-08-23T22:21:28Z",
                "not_before": "2022-08-23T22:21:28Z",
                "public_key_algorithm": "RSA",
                "serial_number": "166129328851546858514271303855646110030630415",
                "sha1_fingerprint": "2ad974a775f73cbdbbd8f5ac3a49255fa8fb1f8c",
                "signature_algorithm": "SHA256-RSA",
                "subject": "CN=Amazon RSA 2048 M01,O=Amazon,C=US",
                "version": 3
              },
              {
                "cert_pem": "-----BEGIN CERTIFICATE-----\nMIIF7TCCBNWgAwIBAgIQA5HmLsxqQDg3E9F+6IwH3DANBgkqhkiG9w0BAQsFADA8\nMQswCQYDVQQGEwJVUzEPMA0GA1UEChMGQW1hem9uMRwwGgYDVQQDExNBbWF6b24g\nUlNBIDIwNDggTTAxMB4XDTIzMDQxNTAwMDAwMFoXDTI0MDUxMzIzNTk1OVowLDEq\nMCgGA1UEAxMhb2lkYy5la3MuYXAtc291dGgtMS5hbWF6b25hd3MuY29tMIIBIjAN\nBgkqhkiG9w0BAQEFAAOCAQ8AMIIBCgKCAQEA1anOiYyP3EWnzSy6iCUiFYlqyX2J\nd3bkOMHJAPRRHAMDJX29ZNRLzkmk1dqYMGGRx/y0Hl04AeRqEZbZO/vJKTRz/3NI\n/E6tIAMwAFsNYDrEKKqD2jIWVeYYaMnMTow9ShIBIUW3Yg7kOCl0rRVn0Z6k7JtO\npl9ykVjgmoh8JrFI6xNtWU3KplNyYiP95HYYR50+/dmXSlBdD35D9thWp3t+ZaBV\nCoSDWRmte0K21obpzQLn9pH4UaUhk+GGMQUXDOSWLUyXs8tH/lp/0Tj1zFiFs862\neDli1cG5dn+hmfhfrYqHSVdoFYGeXAJv83sRgQDfYsfirbpahNVIUXnR6QIDAQAB\no4IC+TCCAvUwHwYDVR0jBBgwFoAUgbgOY4qJEhjl+js7UJWf5uWQE4UwHQYDVR0O\nBBYEFK/GH4wzjXvYncHYC++XyrF6Q3TPMCwGA1UdEQQlMCOCIW9pZGMuZWtzLmFw\nLXNvdXRoLTEuYW1hem9uYXdzLmNvbTAOBgNVHQ8BAf8EBAMCBaAwHQYDVR0lBBYw\nFAYIKwYBBQUHAwEGCCsGAQUFBwMCMDsGA1UdHwQ0MDIwMKAuoCyGKmh0dHA6Ly9j\ncmwucjJtMDEuYW1hem9udHJ1c3QuY29tL3IybTAxLmNybDATBgNVHSAEDDAKMAgG\nBmeBDAECATB1BggrBgEFBQcBAQRpMGcwLQYIKwYBBQUHMAGGIWh0dHA6Ly9vY3Nw\nLnIybTAxLmFtYXpvbnRydXN0LmNvbTA2BggrBgEFBQcwAoYqaHR0cDovL2NydC5y\nMm0wMS5hbWF6b250cnVzdC5jb20vcjJtMDEuY2VyMAwGA1UdEwEB/wQCMAAwggF9\nBgorBgEEAdZ5AgQCBIIBbQSCAWkBZwB2AHb/iD8KtvuVUcJhzPWHujS0pM27Kdxo\nQgqf5mdMWjp0AAABh4JC93IAAAQDAEcwRQIgSGN5cVYt0NaSiQdQL3/2Y8FzFPKv\nfb4B/lxt558ax/gCIQDcyDNJDOQLykt6OYvfUFbPT2au+Sx8jwW9O0M8uKnLgwB2\nAHPZnokbTJZ4oCB9R53mssYc0FFecRkqjGuAEHrBd3K1AAABh4JC95UAAAQDAEcw\nRQIhAPyDaevv07moby742IE/pEcIvayHaPweIpIaBtn2151yAiAZWvB6YwFW7yzr\nL4sP56WkScvnAjpn8tUMUvE1YkZ8uwB1AEiw42vapkc0D+VqAvqdMOscUgHLVt0s\ngdm7v6s52IRzAAABh4JC92MAAAQDAEYwRAIgG4EVA1zmifPvD50Y5vrpRgUoieR2\nTTvSuob62xu0iVsCIHUUdI+wpcOMIxGRsEEcPRdvTdxngSBGlNuHiM8chkNsMA0G\nCSqGSIb3DQEBCwUAA4IBAQCXSU3/S67WVLb5MUU3bhb4Uj3r/z1iH8mcuOPpHSFV\n2mC/nuSEb+dQ/Yvlj27k1Oiim45NsDSxglIo5a+aI1YLd1vZDykQXU/K3c7jYkX6\nJYgGBhDmxq6shmLCqc3zUY8NjfirJN7dKgFpBF9T2YOMRmGPMTfaTMfYbQvAhQ0A\nfdIQVV+tVluMevpYIthm52vDSBdXCwzDDGdAAgqHfuLuKgWupX9Vn6I7tbWeOYMN\nzgtsRdsyu4r1NvXRL1IANNkuFUHOH1yfiatMnNfR27vgWpmqvbdTQTrkxPfgxDF4\nCEMM+JOHHBcH88bd2RtCEgwSu2F2rZQRrKsV4ye5lrOM\n-----END CERTIFICATE-----\n",
                "is_ca": false,
                "issuer": "CN=Amazon RSA 2048 M01,O=Amazon,C=US",
                "not_after": "2024-05-13T23:59:59Z",
                "not_before": "2023-04-15T00:00:00Z",
                "public_key_algorithm": "RSA",
                "serial_number": "4745235693810004574080242856439318492",
                "sha1_fingerprint": "b7e3017b01708fa231aa0dbd1b7ec441e2646149",
                "signature_algorithm": "SHA256-RSA",
                "subject": "CN=oidc.eks.ap-south-1.amazonaws.com",
                "version": 3
              }
            ],
            "content": null,
            "id": "19f1975010c6112f8493618c27b546ca956a4667",
            "url": "https://oidc.eks.ap-south-1.amazonaws.com/id/891A7D4592CD19583F87668DC5B5A676",
            "verify_chain": true
          },
          "sensitive_attributes": []
        }
      ]
    },
    {
      "module": "module.eks",
      "mode": "managed",
      "type": "aws_cloudwatch_log_group",
      "name": "this",
      "provider": "provider[\"registry.terraform.io/hashicorp/aws\"]",
      "instances": [
        {
          "index_key": 0,
          "schema_version": 0,
          "attributes": {
            "arn": "arn:aws:logs:ap-south-1:998516096174:log-group:/aws/eks/testing-eks-2/cluster",
            "id": "/aws/eks/testing-eks-2/cluster",
            "kms_key_id": "",
            "name": "/aws/eks/testing-eks-2/cluster",
            "name_prefix": "",
            "retention_in_days": 90,
            "skip_destroy": false,
            "tags": {
              "Name": "/aws/eks/testing-eks-2/cluster"
            },
            "tags_all": {
              "Name": "/aws/eks/testing-eks-2/cluster"
            }
          },
          "sensitive_attributes": [],
          "private": "bnVsbA==",
          "create_before_destroy": true
        }
      ]
    },
    {
      "module": "module.eks",
      "mode": "managed",
      "type": "aws_eks_addon",
      "name": "this",
      "provider": "provider[\"registry.terraform.io/hashicorp/aws\"]",
      "instances": [
        {
          "index_key": "aws-ebs-csi-driver",
          "schema_version": 0,
          "attributes": {
            "addon_name": "aws-ebs-csi-driver",
            "addon_version": "v1.19.0-eksbuild.2",
            "arn": "arn:aws:eks:ap-south-1:998516096174:addon/testing-eks-2/aws-ebs-csi-driver/44c451e1-69ea-97d9-66c2-16f580aadfca",
            "cluster_name": "testing-eks-2",
            "configuration_values": "",
            "created_at": "2023-06-10T05:23:54Z",
            "id": "testing-eks-2:aws-ebs-csi-driver",
            "modified_at": "2023-06-10T05:24:41Z",
            "preserve": null,
            "resolve_conflicts": "OVERWRITE",
            "resolve_conflicts_on_create": null,
            "resolve_conflicts_on_update": null,
            "service_account_role_arn": "arn:aws:iam::998516096174:role/ebs-csi-testing-eks-2-role",
            "tags": {},
            "tags_all": {},
            "timeouts": {
              "create": null,
              "delete": null,
              "update": null
            }
          },
          "sensitive_attributes": [],
          "private": "eyJlMmJmYjczMC1lY2FhLTExZTYtOGY4OC0zNDM2M2JjN2M0YzAiOnsiY3JlYXRlIjoxMjAwMDAwMDAwMDAwLCJkZWxldGUiOjI0MDAwMDAwMDAwMDAsInVwZGF0ZSI6MTIwMDAwMDAwMDAwMH19",
          "dependencies": [
            "module.ebs_csi_irsa_role.aws_iam_role.this",
            "module.ebs_csi_irsa_role.data.aws_caller_identity.current",
            "module.ebs_csi_irsa_role.data.aws_iam_policy_document.this",
            "module.ebs_csi_irsa_role.data.aws_partition.current",
            "module.eks.aws_cloudwatch_log_group.this",
            "module.eks.aws_eks_cluster.this",
            "module.eks.aws_iam_openid_connect_provider.oidc_provider",
            "module.eks.aws_iam_policy.cni_ipv6_policy",
            "module.eks.aws_iam_role.this",
            "module.eks.aws_iam_role_policy_attachment.this",
            "module.eks.aws_security_group.cluster",
            "module.eks.aws_security_group.node",
            "module.eks.aws_security_group_rule.cluster",
            "module.eks.aws_security_group_rule.node",
            "module.eks.data.aws_caller_identity.current",
            "module.eks.data.aws_eks_addon_version.this",
            "module.eks.data.aws_iam_policy_document.assume_role_policy",
            "module.eks.data.aws_iam_policy_document.cni_ipv6_policy",
            "module.eks.data.aws_iam_session_context.current",
            "module.eks.data.aws_partition.current",
            "module.eks.data.tls_certificate.this",
            "module.eks.module.eks_managed_node_group.aws_autoscaling_schedule.this",
            "module.eks.module.eks_managed_node_group.aws_eks_node_group.this",
            "module.eks.module.eks_managed_node_group.aws_iam_role.this",
            "module.eks.module.eks_managed_node_group.aws_iam_role_policy_attachment.additional",
            "module.eks.module.eks_managed_node_group.aws_iam_role_policy_attachment.this",
            "module.eks.module.eks_managed_node_group.aws_launch_template.this",
            "module.eks.module.eks_managed_node_group.data.aws_caller_identity.current",
            "module.eks.module.eks_managed_node_group.data.aws_iam_policy_document.assume_role_policy",
            "module.eks.module.eks_managed_node_group.data.aws_partition.current",
            "module.eks.module.eks_managed_node_group.module.user_data.data.cloudinit_config.linux_eks_managed_node_group",
            "module.eks.module.fargate_profile.aws_eks_fargate_profile.this",
            "module.eks.module.fargate_profile.aws_iam_role.this",
            "module.eks.module.fargate_profile.aws_iam_role_policy_attachment.additional",
            "module.eks.module.fargate_profile.aws_iam_role_policy_attachment.this",
            "module.eks.module.fargate_profile.data.aws_caller_identity.current",
            "module.eks.module.fargate_profile.data.aws_iam_policy_document.assume_role_policy",
            "module.eks.module.fargate_profile.data.aws_partition.current",
            "module.eks.module.kms.aws_kms_external_key.this",
            "module.eks.module.kms.aws_kms_key.this",
            "module.eks.module.kms.data.aws_caller_identity.current",
            "module.eks.module.kms.data.aws_iam_policy_document.this",
            "module.eks.module.kms.data.aws_partition.current",
            "module.eks.module.self_managed_node_group.aws_autoscaling_group.this",
            "module.eks.module.self_managed_node_group.aws_autoscaling_schedule.this",
            "module.eks.module.self_managed_node_group.aws_iam_instance_profile.this",
            "module.eks.module.self_managed_node_group.aws_iam_role.this",
            "module.eks.module.self_managed_node_group.aws_iam_role_policy_attachment.additional",
            "module.eks.module.self_managed_node_group.aws_iam_role_policy_attachment.this",
            "module.eks.module.self_managed_node_group.aws_launch_template.this",
            "module.eks.module.self_managed_node_group.data.aws_ami.eks_default",
            "module.eks.module.self_managed_node_group.data.aws_caller_identity.current",
            "module.eks.module.self_managed_node_group.data.aws_iam_policy_document.assume_role_policy",
            "module.eks.module.self_managed_node_group.data.aws_partition.current",
            "module.eks.module.self_managed_node_group.module.user_data.data.cloudinit_config.linux_eks_managed_node_group",
            "module.eks.time_sleep.this"
          ]
        }
      ]
    },
    {
      "module": "module.eks",
      "mode": "managed",
      "type": "aws_eks_cluster",
      "name": "this",
      "provider": "provider[\"registry.terraform.io/hashicorp/aws\"]",
      "instances": [
        {
          "index_key": 0,
          "schema_version": 0,
          "attributes": {
            "arn": "arn:aws:eks:ap-south-1:998516096174:cluster/testing-eks-2",
            "certificate_authority": [
              {
                "data": "LS0tLS1CRUdJTiBDRVJUSUZJQ0FURS0tLS0tCk1JSUMvakNDQWVhZ0F3SUJBZ0lCQURBTkJna3Foa2lHOXcwQkFRc0ZBREFWTVJNd0VRWURWUVFERXdwcmRXSmwKY201bGRHVnpNQjRYRFRJek1EWXhNREExTVRjd01Wb1hEVE16TURZd056QTFNVGN3TVZvd0ZURVRNQkVHQTFVRQpBeE1LYTNWaVpYSnVaWFJsY3pDQ0FTSXdEUVlKS29aSWh2Y05BUUVCQlFBRGdnRVBBRENDQVFvQ2dnRUJBTTJQCndIVElEckZncWczZy9KeVgxbUtoQzlzOHdONGJOeThheHNidlpEdm1YKzRGSTUwOTRTU1oyVGNZTSt2M3ozdlIKTzFvT29kcHRLa25ySVpicTlNclVQM0hmL2t1N2pnVlVKUE85dFRHZVFXb243NGpPYnh3Y3pack41a3pBNWkrYwp5blFzOWZZamc4VCtLbkdCZmltcHJoaXVYQThSK2g4anR6RElCb3pYbW8wNlhKYUpCNm5lY213U0lNRThTalhaCmZHQ3RTUHJ0bm44S1hHTEV1amo5bVBHdWM5S2dncWdWVllDV3RLSlRoY0hOamxDTklQNjB5RmI3cUpwNngyb1kKcDJOVENIdlU1bFRYbllTUVlENkk4Sk5SRDNUYW82aVVTZHNZeWpCWDRBU1NvanNONk8vbGxRLzZNclF4ZVBadwpQTzhzSHNwZEkyTmFKb2ZqVTVFQ0F3RUFBYU5aTUZjd0RnWURWUjBQQVFIL0JBUURBZ0trTUE4R0ExVWRFd0VCCi93UUZNQU1CQWY4d0hRWURWUjBPQkJZRUZPOFJyYk5zRlora2dwNUdmSnZFVVpHZS9WandNQlVHQTFVZEVRUU8KTUF5Q0NtdDFZbVZ5Ym1WMFpYTXdEUVlKS29aSWh2Y05BUUVMQlFBRGdnRUJBSEpzdmNmN2VZVzl0cno4aHNMcwpkTjBxVVlCQXFNalFGTGxqWHRzN29xNUNQN1U1bmhFYzY5YW9IZEVoRjZxWk9LN1VXK3JhZ2JFMDdWZTB4a2w0CjRkaHRhK09sRFkraVJkb09mS2VjWFluSGMxa1c0TTBUWkl4ZW1XS2sweE9IdGYxdDRiQjFpQmlNblF6UVpaeFMKczhJY3VyZ09rOEhCWkN6RWl4b0tVTFpCOW5CUWtTaXQ0Q3gvNFRJQTZ0R3NXTFBXeU1YK3pXdmozQTkwQnNGZQpnMXZ4aDFiOVJLRDgvenBuWHhUQWdUWUlFWTZNL2svMkU2MTA5anR1L1F0T3dISnFhMEdlQksrVy80TDM0TTFWClNxNGIzb3JPT2MzZzhFV1FiSHZQNXhabHdSS0dWVkg3QXFZdVFSY21Pa2JHWWorS3BUSlluU0c5a1BuREF1RWwKN0s4PQotLS0tLUVORCBDRVJUSUZJQ0FURS0tLS0tCg=="
              }
            ],
            "cluster_id": null,
            "created_at": "2023-06-10 05:11:53.723 +0000 UTC",
            "enabled_cluster_log_types": [
              "api",
              "audit",
              "authenticator"
            ],
            "encryption_config": [
              {
                "provider": [
                  {
                    "key_arn": "arn:aws:kms:ap-south-1:998516096174:key/fa256029-d9ba-40c6-b7f4-8ebe0674e8b9"
                  }
                ],
                "resources": [
                  "secrets"
                ]
              }
            ],
            "endpoint": "https://891A7D4592CD19583F87668DC5B5A676.gr7.ap-south-1.eks.amazonaws.com",
            "id": "testing-eks-2",
            "identity": [
              {
                "oidc": [
                  {
                    "issuer": "https://oidc.eks.ap-south-1.amazonaws.com/id/891A7D4592CD19583F87668DC5B5A676"
                  }
                ]
              }
            ],
            "kubernetes_network_config": [
              {
                "ip_family": "ipv4",
                "service_ipv4_cidr": "172.20.0.0/16",
                "service_ipv6_cidr": ""
              }
            ],
            "name": "testing-eks-2",
            "outpost_config": [],
            "platform_version": "eks.3",
            "role_arn": "arn:aws:iam::998516096174:role/testing-eks-2-cluster-20230610051130380400000002",
            "status": "ACTIVE",
            "tags": {},
            "tags_all": {},
            "timeouts": {
              "create": null,
              "delete": null,
              "update": null
            },
            "version": "1.26",
            "vpc_config": [
              {
                "cluster_security_group_id": "sg-0db85a62a43ad9e49",
                "endpoint_private_access": true,
                "endpoint_public_access": true,
                "public_access_cidrs": [
                  "0.0.0.0/0"
                ],
                "security_group_ids": [
                  "sg-0f7a9fbea067b984d"
                ],
                "subnet_ids": [
                  "subnet-0abb056b6ac5b2e39",
                  "subnet-0d5351b7c6434ac94",
                  "subnet-0f24bd6079aa0a0d2"
                ],
                "vpc_id": "vpc-019ef4a85d2f63f0d"
              }
            ]
          },
          "sensitive_attributes": [],
          "private": "eyJlMmJmYjczMC1lY2FhLTExZTYtOGY4OC0zNDM2M2JjN2M0YzAiOnsiY3JlYXRlIjoxODAwMDAwMDAwMDAwLCJkZWxldGUiOjkwMDAwMDAwMDAwMCwidXBkYXRlIjozNjAwMDAwMDAwMDAwfX0=",
          "dependencies": [
            "module.eks.aws_cloudwatch_log_group.this",
            "module.eks.aws_iam_policy.cni_ipv6_policy",
            "module.eks.aws_iam_role.this",
            "module.eks.aws_iam_role_policy_attachment.this",
            "module.eks.aws_security_group.cluster",
            "module.eks.aws_security_group.node",
            "module.eks.aws_security_group_rule.cluster",
            "module.eks.aws_security_group_rule.node",
            "module.eks.data.aws_caller_identity.current",
            "module.eks.data.aws_iam_policy_document.assume_role_policy",
            "module.eks.data.aws_iam_policy_document.cni_ipv6_policy",
            "module.eks.data.aws_iam_session_context.current",
            "module.eks.data.aws_partition.current",
            "module.eks.module.kms.aws_kms_external_key.this",
            "module.eks.module.kms.aws_kms_key.this",
            "module.eks.module.kms.data.aws_caller_identity.current",
            "module.eks.module.kms.data.aws_iam_policy_document.this",
            "module.eks.module.kms.data.aws_partition.current"
          ],
          "create_before_destroy": true
        }
      ]
    },
    {
      "module": "module.eks",
      "mode": "managed",
      "type": "aws_iam_openid_connect_provider",
      "name": "oidc_provider",
      "provider": "provider[\"registry.terraform.io/hashicorp/aws\"]",
      "instances": [
        {
          "index_key": 0,
          "schema_version": 0,
          "attributes": {
            "arn": "arn:aws:iam::998516096174:oidc-provider/oidc.eks.ap-south-1.amazonaws.com/id/891A7D4592CD19583F87668DC5B5A676",
            "client_id_list": [
              "sts.amazonaws.com"
            ],
            "id": "arn:aws:iam::998516096174:oidc-provider/oidc.eks.ap-south-1.amazonaws.com/id/891A7D4592CD19583F87668DC5B5A676",
            "tags": {
              "Name": "testing-eks-2-eks-irsa"
            },
            "tags_all": {
              "Name": "testing-eks-2-eks-irsa"
            },
            "thumbprint_list": [
              "9e99a48a9960b14926bb7f3b02e22da2b0ab7280",
              "06b25927c42a721631c1efd9431e648fa62e1e39",
              "2ad974a775f73cbdbbd8f5ac3a49255fa8fb1f8c",
              "b7e3017b01708fa231aa0dbd1b7ec441e2646149"
            ],
            "url": "oidc.eks.ap-south-1.amazonaws.com/id/891A7D4592CD19583F87668DC5B5A676"
          },
          "sensitive_attributes": [],
          "private": "bnVsbA==",
          "dependencies": [
            "module.eks.aws_cloudwatch_log_group.this",
            "module.eks.aws_eks_cluster.this",
            "module.eks.aws_iam_policy.cni_ipv6_policy",
            "module.eks.aws_iam_role.this",
            "module.eks.aws_iam_role_policy_attachment.this",
            "module.eks.aws_security_group.cluster",
            "module.eks.aws_security_group.node",
            "module.eks.aws_security_group_rule.cluster",
            "module.eks.aws_security_group_rule.node",
            "module.eks.data.aws_caller_identity.current",
            "module.eks.data.aws_iam_policy_document.assume_role_policy",
            "module.eks.data.aws_iam_policy_document.cni_ipv6_policy",
            "module.eks.data.aws_iam_session_context.current",
            "module.eks.data.aws_partition.current",
            "module.eks.data.tls_certificate.this",
            "module.eks.module.kms.aws_kms_external_key.this",
            "module.eks.module.kms.aws_kms_key.this",
            "module.eks.module.kms.data.aws_caller_identity.current",
            "module.eks.module.kms.data.aws_iam_policy_document.this",
            "module.eks.module.kms.data.aws_partition.current"
          ]
        }
      ]
    },
    {
      "module": "module.eks",
      "mode": "managed",
      "type": "aws_iam_policy",
      "name": "cluster_encryption",
      "provider": "provider[\"registry.terraform.io/hashicorp/aws\"]",
      "instances": [
        {
          "index_key": 0,
          "schema_version": 0,
          "attributes": {
            "arn": "arn:aws:iam::998516096174:policy/testing-eks-2-cluster-ClusterEncryption2023061005115138850000000d",
            "description": "Cluster encryption policy to allow cluster role to utilize CMK provided",
            "id": "arn:aws:iam::998516096174:policy/testing-eks-2-cluster-ClusterEncryption2023061005115138850000000d",
            "name": "testing-eks-2-cluster-ClusterEncryption2023061005115138850000000d",
            "name_prefix": "testing-eks-2-cluster-ClusterEncryption",
            "path": "/",
            "policy": "{\"Statement\":[{\"Action\":[\"kms:Encrypt\",\"kms:Decrypt\",\"kms:ListGrants\",\"kms:DescribeKey\"],\"Effect\":\"Allow\",\"Resource\":\"arn:aws:kms:ap-south-1:998516096174:key/fa256029-d9ba-40c6-b7f4-8ebe0674e8b9\"}],\"Version\":\"2012-10-17\"}",
            "policy_id": "ANPA6Q7BSPSXHPDGBAWW4",
            "tags": {},
            "tags_all": {}
          },
          "sensitive_attributes": [],
          "private": "bnVsbA==",
          "dependencies": [
            "module.eks.aws_iam_role.this",
            "module.eks.data.aws_caller_identity.current",
            "module.eks.data.aws_iam_policy_document.assume_role_policy",
            "module.eks.data.aws_iam_session_context.current",
            "module.eks.data.aws_partition.current",
            "module.eks.module.kms.aws_kms_external_key.this",
            "module.eks.module.kms.aws_kms_key.this",
            "module.eks.module.kms.data.aws_caller_identity.current",
            "module.eks.module.kms.data.aws_iam_policy_document.this",
            "module.eks.module.kms.data.aws_partition.current"
          ]
        }
      ]
    },
    {
      "module": "module.eks",
      "mode": "managed",
      "type": "aws_iam_role",
      "name": "this",
      "provider": "provider[\"registry.terraform.io/hashicorp/aws\"]",
      "instances": [
        {
          "index_key": 0,
          "schema_version": 0,
          "attributes": {
            "arn": "arn:aws:iam::998516096174:role/testing-eks-2-cluster-20230610051130380400000002",
            "assume_role_policy": "{\"Statement\":[{\"Action\":\"sts:AssumeRole\",\"Effect\":\"Allow\",\"Principal\":{\"Service\":\"eks.amazonaws.com\"},\"Sid\":\"EKSClusterAssumeRole\"}],\"Version\":\"2012-10-17\"}",
            "create_date": "2023-06-10T05:11:31Z",
            "description": "",
            "force_detach_policies": true,
            "id": "testing-eks-2-cluster-20230610051130380400000002",
            "inline_policy": [
              {
                "name": "testing-eks-2-cluster",
                "policy": "{\"Version\":\"2012-10-17\",\"Statement\":[{\"Action\":[\"logs:CreateLogGroup\"],\"Effect\":\"Deny\",\"Resource\":\"*\"}]}"
              }
            ],
            "managed_policy_arns": [
              "arn:aws:iam::998516096174:policy/testing-eks-2-cluster-ClusterEncryption2023061005115138850000000d",
              "arn:aws:iam::aws:policy/AmazonEKSClusterPolicy",
              "arn:aws:iam::aws:policy/AmazonEKSVPCResourceController"
            ],
            "max_session_duration": 3600,
            "name": "testing-eks-2-cluster-20230610051130380400000002",
            "name_prefix": "testing-eks-2-cluster-",
            "path": "/",
            "permissions_boundary": null,
            "tags": {},
            "tags_all": {},
            "unique_id": "AROA6Q7BSPSXJZR4DPP5F"
          },
          "sensitive_attributes": [],
          "private": "bnVsbA==",
          "dependencies": [
            "module.eks.data.aws_iam_policy_document.assume_role_policy",
            "module.eks.data.aws_partition.current"
          ],
          "create_before_destroy": true
        }
      ]
    },
    {
      "module": "module.eks",
      "mode": "managed",
      "type": "aws_iam_role_policy_attachment",
      "name": "cluster_encryption",
      "provider": "provider[\"registry.terraform.io/hashicorp/aws\"]",
      "instances": [
        {
          "index_key": 0,
          "schema_version": 0,
          "attributes": {
            "id": "testing-eks-2-cluster-20230610051130380400000002-2023061005115273520000000e",
            "policy_arn": "arn:aws:iam::998516096174:policy/testing-eks-2-cluster-ClusterEncryption2023061005115138850000000d",
            "role": "testing-eks-2-cluster-20230610051130380400000002"
          },
          "sensitive_attributes": [],
          "private": "bnVsbA==",
          "dependencies": [
            "module.eks.aws_iam_policy.cluster_encryption",
            "module.eks.aws_iam_role.this",
            "module.eks.data.aws_caller_identity.current",
            "module.eks.data.aws_iam_policy_document.assume_role_policy",
            "module.eks.data.aws_iam_session_context.current",
            "module.eks.data.aws_partition.current",
            "module.eks.module.kms.aws_kms_external_key.this",
            "module.eks.module.kms.aws_kms_key.this",
            "module.eks.module.kms.data.aws_caller_identity.current",
            "module.eks.module.kms.data.aws_iam_policy_document.this",
            "module.eks.module.kms.data.aws_partition.current"
          ]
        }
      ]
    },
    {
      "module": "module.eks",
      "mode": "managed",
      "type": "aws_iam_role_policy_attachment",
      "name": "this",
      "provider": "provider[\"registry.terraform.io/hashicorp/aws\"]",
      "instances": [
        {
          "index_key": "AmazonEKSClusterPolicy",
          "schema_version": 0,
          "attributes": {
            "id": "testing-eks-2-cluster-20230610051130380400000002-2023061005113486310000000b",
            "policy_arn": "arn:aws:iam::aws:policy/AmazonEKSClusterPolicy",
            "role": "testing-eks-2-cluster-20230610051130380400000002"
          },
          "sensitive_attributes": [],
          "private": "bnVsbA==",
          "dependencies": [
            "module.eks.aws_iam_role.this",
            "module.eks.data.aws_iam_policy_document.assume_role_policy",
            "module.eks.data.aws_partition.current"
          ],
          "create_before_destroy": true
        },
        {
          "index_key": "AmazonEKSVPCResourceController",
          "schema_version": 0,
          "attributes": {
            "id": "testing-eks-2-cluster-20230610051130380400000002-2023061005113462080000000a",
            "policy_arn": "arn:aws:iam::aws:policy/AmazonEKSVPCResourceController",
            "role": "testing-eks-2-cluster-20230610051130380400000002"
          },
          "sensitive_attributes": [],
          "private": "bnVsbA==",
          "dependencies": [
            "module.eks.aws_iam_role.this",
            "module.eks.data.aws_iam_policy_document.assume_role_policy",
            "module.eks.data.aws_partition.current"
          ],
          "create_before_destroy": true
        }
      ]
    },
    {
      "module": "module.eks",
      "mode": "managed",
      "type": "aws_security_group",
      "name": "cluster",
      "provider": "provider[\"registry.terraform.io/hashicorp/aws\"]",
      "instances": [
        {
          "index_key": 0,
          "schema_version": 1,
          "attributes": {
            "arn": "arn:aws:ec2:ap-south-1:998516096174:security-group/sg-0f7a9fbea067b984d",
            "description": "EKS cluster security group",
            "egress": [],
            "id": "sg-0f7a9fbea067b984d",
            "ingress": [
              {
                "cidr_blocks": [],
                "description": "Node groups to cluster API",
                "from_port": 443,
                "ipv6_cidr_blocks": [],
                "prefix_list_ids": [],
                "protocol": "tcp",
                "security_groups": [
                  "sg-0ef29630c8a224ebb"
                ],
                "self": false,
                "to_port": 443
              }
            ],
            "name": "testing-eks-2-cluster-20230610051130379600000001",
            "name_prefix": "testing-eks-2-cluster-",
            "owner_id": "998516096174",
            "revoke_rules_on_delete": false,
            "tags": {
              "Name": "testing-eks-2-cluster"
            },
            "tags_all": {
              "Name": "testing-eks-2-cluster"
            },
            "timeouts": null,
            "vpc_id": "vpc-019ef4a85d2f63f0d"
          },
          "sensitive_attributes": [],
          "private": "eyJlMmJmYjczMC1lY2FhLTExZTYtOGY4OC0zNDM2M2JjN2M0YzAiOnsiY3JlYXRlIjo2MDAwMDAwMDAwMDAsImRlbGV0ZSI6OTAwMDAwMDAwMDAwfSwic2NoZW1hX3ZlcnNpb24iOiIxIn0=",
          "create_before_destroy": true
        }
      ]
    },
    {
      "module": "module.eks",
      "mode": "managed",
      "type": "aws_security_group",
      "name": "node",
      "provider": "provider[\"registry.terraform.io/hashicorp/aws\"]",
      "instances": [
        {
          "index_key": 0,
          "schema_version": 1,
          "attributes": {
            "arn": "arn:aws:ec2:ap-south-1:998516096174:security-group/sg-0ef29630c8a224ebb",
            "description": "EKS node shared security group",
            "egress": [
              {
                "cidr_blocks": [
                  "0.0.0.0/0"
                ],
                "description": "Allow all egress",
                "from_port": 0,
                "ipv6_cidr_blocks": [],
                "prefix_list_ids": [],
                "protocol": "-1",
                "security_groups": [],
                "self": false,
                "to_port": 0
              }
            ],
            "id": "sg-0ef29630c8a224ebb",
            "ingress": [
              {
                "cidr_blocks": [],
                "description": "Cluster API to node 4443/tcp webhook",
                "from_port": 4443,
                "ipv6_cidr_blocks": [],
                "prefix_list_ids": [],
                "protocol": "tcp",
                "security_groups": [
                  "sg-0f7a9fbea067b984d"
                ],
                "self": false,
                "to_port": 4443
              },
              {
                "cidr_blocks": [],
                "description": "Cluster API to node 6443/tcp webhook",
                "from_port": 6443,
                "ipv6_cidr_blocks": [],
                "prefix_list_ids": [],
                "protocol": "tcp",
                "security_groups": [
                  "sg-0f7a9fbea067b984d"
                ],
                "self": false,
                "to_port": 6443
              },
              {
                "cidr_blocks": [],
                "description": "Cluster API to node 8443/tcp webhook",
                "from_port": 8443,
                "ipv6_cidr_blocks": [],
                "prefix_list_ids": [],
                "protocol": "tcp",
                "security_groups": [
                  "sg-0f7a9fbea067b984d"
                ],
                "self": false,
                "to_port": 8443
              },
              {
                "cidr_blocks": [],
                "description": "Cluster API to node 9443/tcp webhook",
                "from_port": 9443,
                "ipv6_cidr_blocks": [],
                "prefix_list_ids": [],
                "protocol": "tcp",
                "security_groups": [
                  "sg-0f7a9fbea067b984d"
                ],
                "self": false,
                "to_port": 9443
              },
              {
                "cidr_blocks": [],
                "description": "Cluster API to node groups",
                "from_port": 443,
                "ipv6_cidr_blocks": [],
                "prefix_list_ids": [],
                "protocol": "tcp",
                "security_groups": [
                  "sg-0f7a9fbea067b984d"
                ],
                "self": false,
                "to_port": 443
              },
              {
                "cidr_blocks": [],
                "description": "Cluster API to node kubelets",
                "from_port": 10250,
                "ipv6_cidr_blocks": [],
                "prefix_list_ids": [],
                "protocol": "tcp",
                "security_groups": [
                  "sg-0f7a9fbea067b984d"
                ],
                "self": false,
                "to_port": 10250
              },
              {
                "cidr_blocks": [],
                "description": "Node to node CoreDNS UDP",
                "from_port": 53,
                "ipv6_cidr_blocks": [],
                "prefix_list_ids": [],
                "protocol": "udp",
                "security_groups": [],
                "self": true,
                "to_port": 53
              },
              {
                "cidr_blocks": [],
                "description": "Node to node CoreDNS",
                "from_port": 53,
                "ipv6_cidr_blocks": [],
                "prefix_list_ids": [],
                "protocol": "tcp",
                "security_groups": [],
                "self": true,
                "to_port": 53
              },
              {
                "cidr_blocks": [],
                "description": "Node to node ingress on ephemeral ports",
                "from_port": 1025,
                "ipv6_cidr_blocks": [],
                "prefix_list_ids": [],
                "protocol": "tcp",
                "security_groups": [],
                "self": true,
                "to_port": 65535
              }
            ],
            "name": "testing-eks-2-node-20230610051130380600000004",
            "name_prefix": "testing-eks-2-node-",
            "owner_id": "998516096174",
            "revoke_rules_on_delete": false,
            "tags": {
              "Name": "testing-eks-2-node",
              "kubernetes.io/cluster/testing-eks-2": "owned"
            },
            "tags_all": {
              "Name": "testing-eks-2-node",
              "kubernetes.io/cluster/testing-eks-2": "owned"
            },
            "timeouts": null,
            "vpc_id": "vpc-019ef4a85d2f63f0d"
          },
          "sensitive_attributes": [],
          "private": "eyJlMmJmYjczMC1lY2FhLTExZTYtOGY4OC0zNDM2M2JjN2M0YzAiOnsiY3JlYXRlIjo2MDAwMDAwMDAwMDAsImRlbGV0ZSI6OTAwMDAwMDAwMDAwfSwic2NoZW1hX3ZlcnNpb24iOiIxIn0=",
          "create_before_destroy": true
        }
      ]
    },
    {
      "module": "module.eks",
      "mode": "managed",
      "type": "aws_security_group_rule",
      "name": "cluster",
      "provider": "provider[\"registry.terraform.io/hashicorp/aws\"]",
      "instances": [
        {
          "index_key": "ingress_nodes_443",
          "schema_version": 2,
          "attributes": {
            "cidr_blocks": null,
            "description": "Node groups to cluster API",
            "from_port": 443,
            "id": "sgrule-3735998563",
            "ipv6_cidr_blocks": null,
            "prefix_list_ids": null,
            "protocol": "tcp",
            "security_group_id": "sg-0f7a9fbea067b984d",
            "security_group_rule_id": "sgr-06b11ea905250c8fa",
            "self": false,
            "source_security_group_id": "sg-0ef29630c8a224ebb",
            "timeouts": null,
            "to_port": 443,
            "type": "ingress"
          },
          "sensitive_attributes": [],
          "private": "eyJlMmJmYjczMC1lY2FhLTExZTYtOGY4OC0zNDM2M2JjN2M0YzAiOnsiY3JlYXRlIjozMDAwMDAwMDAwMDB9LCJzY2hlbWFfdmVyc2lvbiI6IjIifQ==",
          "dependencies": [
            "module.eks.aws_security_group.cluster",
            "module.eks.aws_security_group.node"
          ],
          "create_before_destroy": true
        }
      ]
    },
    {
      "module": "module.eks",
      "mode": "managed",
      "type": "aws_security_group_rule",
      "name": "node",
      "provider": "provider[\"registry.terraform.io/hashicorp/aws\"]",
      "instances": [
        {
          "index_key": "egress_all",
          "schema_version": 2,
          "attributes": {
            "cidr_blocks": [
              "0.0.0.0/0"
            ],
            "description": "Allow all egress",
            "from_port": 0,
            "id": "sgrule-2603324534",
            "ipv6_cidr_blocks": null,
            "prefix_list_ids": [],
            "protocol": "-1",
            "security_group_id": "sg-0ef29630c8a224ebb",
            "security_group_rule_id": "sgr-0b4f111b314af7f10",
            "self": false,
            "source_security_group_id": null,
            "timeouts": null,
            "to_port": 0,
            "type": "egress"
          },
          "sensitive_attributes": [],
          "private": "eyJlMmJmYjczMC1lY2FhLTExZTYtOGY4OC0zNDM2M2JjN2M0YzAiOnsiY3JlYXRlIjozMDAwMDAwMDAwMDB9LCJzY2hlbWFfdmVyc2lvbiI6IjIifQ==",
          "dependencies": [
            "module.eks.aws_security_group.cluster",
            "module.eks.aws_security_group.node"
          ],
          "create_before_destroy": true
        },
        {
          "index_key": "ingress_cluster_443",
          "schema_version": 2,
          "attributes": {
            "cidr_blocks": null,
            "description": "Cluster API to node groups",
            "from_port": 443,
            "id": "sgrule-2687860352",
            "ipv6_cidr_blocks": null,
            "prefix_list_ids": [],
            "protocol": "tcp",
            "security_group_id": "sg-0ef29630c8a224ebb",
            "security_group_rule_id": "sgr-0e89cb020df1acb1d",
            "self": false,
            "source_security_group_id": "sg-0f7a9fbea067b984d",
            "timeouts": null,
            "to_port": 443,
            "type": "ingress"
          },
          "sensitive_attributes": [],
          "private": "eyJlMmJmYjczMC1lY2FhLTExZTYtOGY4OC0zNDM2M2JjN2M0YzAiOnsiY3JlYXRlIjozMDAwMDAwMDAwMDB9LCJzY2hlbWFfdmVyc2lvbiI6IjIifQ==",
          "dependencies": [
            "module.eks.aws_security_group.cluster",
            "module.eks.aws_security_group.node"
          ],
          "create_before_destroy": true
        },
        {
          "index_key": "ingress_cluster_4443_webhook",
          "schema_version": 2,
          "attributes": {
            "cidr_blocks": null,
            "description": "Cluster API to node 4443/tcp webhook",
            "from_port": 4443,
            "id": "sgrule-559402561",
            "ipv6_cidr_blocks": null,
            "prefix_list_ids": [],
            "protocol": "tcp",
            "security_group_id": "sg-0ef29630c8a224ebb",
            "security_group_rule_id": "sgr-06c274306471d8216",
            "self": false,
            "source_security_group_id": "sg-0f7a9fbea067b984d",
            "timeouts": null,
            "to_port": 4443,
            "type": "ingress"
          },
          "sensitive_attributes": [],
          "private": "eyJlMmJmYjczMC1lY2FhLTExZTYtOGY4OC0zNDM2M2JjN2M0YzAiOnsiY3JlYXRlIjozMDAwMDAwMDAwMDB9LCJzY2hlbWFfdmVyc2lvbiI6IjIifQ==",
          "dependencies": [
            "module.eks.aws_security_group.cluster",
            "module.eks.aws_security_group.node"
          ],
          "create_before_destroy": true
        },
        {
          "index_key": "ingress_cluster_6443_webhook",
          "schema_version": 2,
          "attributes": {
            "cidr_blocks": null,
            "description": "Cluster API to node 6443/tcp webhook",
            "from_port": 6443,
            "id": "sgrule-3893733847",
            "ipv6_cidr_blocks": null,
            "prefix_list_ids": [],
            "protocol": "tcp",
            "security_group_id": "sg-0ef29630c8a224ebb",
            "security_group_rule_id": "sgr-07c2ba6ff0a0d1208",
            "self": false,
            "source_security_group_id": "sg-0f7a9fbea067b984d",
            "timeouts": null,
            "to_port": 6443,
            "type": "ingress"
          },
          "sensitive_attributes": [],
          "private": "eyJlMmJmYjczMC1lY2FhLTExZTYtOGY4OC0zNDM2M2JjN2M0YzAiOnsiY3JlYXRlIjozMDAwMDAwMDAwMDB9LCJzY2hlbWFfdmVyc2lvbiI6IjIifQ==",
          "dependencies": [
            "module.eks.aws_security_group.cluster",
            "module.eks.aws_security_group.node"
          ],
          "create_before_destroy": true
        },
        {
          "index_key": "ingress_cluster_8443_webhook",
          "schema_version": 2,
          "attributes": {
            "cidr_blocks": null,
            "description": "Cluster API to node 8443/tcp webhook",
            "from_port": 8443,
            "id": "sgrule-4215903734",
            "ipv6_cidr_blocks": null,
            "prefix_list_ids": [],
            "protocol": "tcp",
            "security_group_id": "sg-0ef29630c8a224ebb",
            "security_group_rule_id": "sgr-04cc16ff7f3f03003",
            "self": false,
            "source_security_group_id": "sg-0f7a9fbea067b984d",
            "timeouts": null,
            "to_port": 8443,
            "type": "ingress"
          },
          "sensitive_attributes": [],
          "private": "eyJlMmJmYjczMC1lY2FhLTExZTYtOGY4OC0zNDM2M2JjN2M0YzAiOnsiY3JlYXRlIjozMDAwMDAwMDAwMDB9LCJzY2hlbWFfdmVyc2lvbiI6IjIifQ==",
          "dependencies": [
            "module.eks.aws_security_group.cluster",
            "module.eks.aws_security_group.node"
          ],
          "create_before_destroy": true
        },
        {
          "index_key": "ingress_cluster_9443_webhook",
          "schema_version": 2,
          "attributes": {
            "cidr_blocks": null,
            "description": "Cluster API to node 9443/tcp webhook",
            "from_port": 9443,
            "id": "sgrule-2682824253",
            "ipv6_cidr_blocks": null,
            "prefix_list_ids": [],
            "protocol": "tcp",
            "security_group_id": "sg-0ef29630c8a224ebb",
            "security_group_rule_id": "sgr-03af2ea4cb59e0488",
            "self": false,
            "source_security_group_id": "sg-0f7a9fbea067b984d",
            "timeouts": null,
            "to_port": 9443,
            "type": "ingress"
          },
          "sensitive_attributes": [],
          "private": "eyJlMmJmYjczMC1lY2FhLTExZTYtOGY4OC0zNDM2M2JjN2M0YzAiOnsiY3JlYXRlIjozMDAwMDAwMDAwMDB9LCJzY2hlbWFfdmVyc2lvbiI6IjIifQ==",
          "dependencies": [
            "module.eks.aws_security_group.cluster",
            "module.eks.aws_security_group.node"
          ],
          "create_before_destroy": true
        },
        {
          "index_key": "ingress_cluster_kubelet",
          "schema_version": 2,
          "attributes": {
            "cidr_blocks": null,
            "description": "Cluster API to node kubelets",
            "from_port": 10250,
            "id": "sgrule-2209467694",
            "ipv6_cidr_blocks": null,
            "prefix_list_ids": [],
            "protocol": "tcp",
            "security_group_id": "sg-0ef29630c8a224ebb",
            "security_group_rule_id": "sgr-015db711ca2d2a9dc",
            "self": false,
            "source_security_group_id": "sg-0f7a9fbea067b984d",
            "timeouts": null,
            "to_port": 10250,
            "type": "ingress"
          },
          "sensitive_attributes": [],
          "private": "eyJlMmJmYjczMC1lY2FhLTExZTYtOGY4OC0zNDM2M2JjN2M0YzAiOnsiY3JlYXRlIjozMDAwMDAwMDAwMDB9LCJzY2hlbWFfdmVyc2lvbiI6IjIifQ==",
          "dependencies": [
            "module.eks.aws_security_group.cluster",
            "module.eks.aws_security_group.node"
          ],
          "create_before_destroy": true
        },
        {
          "index_key": "ingress_nodes_ephemeral",
          "schema_version": 2,
          "attributes": {
            "cidr_blocks": null,
            "description": "Node to node ingress on ephemeral ports",
            "from_port": 1025,
            "id": "sgrule-662621947",
            "ipv6_cidr_blocks": null,
            "prefix_list_ids": [],
            "protocol": "tcp",
            "security_group_id": "sg-0ef29630c8a224ebb",
            "security_group_rule_id": "sgr-09a1ce6f8d7e5f70f",
            "self": true,
            "source_security_group_id": null,
            "timeouts": null,
            "to_port": 65535,
            "type": "ingress"
          },
          "sensitive_attributes": [],
          "private": "eyJlMmJmYjczMC1lY2FhLTExZTYtOGY4OC0zNDM2M2JjN2M0YzAiOnsiY3JlYXRlIjozMDAwMDAwMDAwMDB9LCJzY2hlbWFfdmVyc2lvbiI6IjIifQ==",
          "dependencies": [
            "module.eks.aws_security_group.cluster",
            "module.eks.aws_security_group.node"
          ],
          "create_before_destroy": true
        },
        {
          "index_key": "ingress_self_coredns_tcp",
          "schema_version": 2,
          "attributes": {
            "cidr_blocks": null,
            "description": "Node to node CoreDNS",
            "from_port": 53,
            "id": "sgrule-2018075423",
            "ipv6_cidr_blocks": null,
            "prefix_list_ids": [],
            "protocol": "tcp",
            "security_group_id": "sg-0ef29630c8a224ebb",
            "security_group_rule_id": "sgr-01ebaa4f5cb0f731a",
            "self": true,
            "source_security_group_id": null,
            "timeouts": null,
            "to_port": 53,
            "type": "ingress"
          },
          "sensitive_attributes": [],
          "private": "eyJlMmJmYjczMC1lY2FhLTExZTYtOGY4OC0zNDM2M2JjN2M0YzAiOnsiY3JlYXRlIjozMDAwMDAwMDAwMDB9LCJzY2hlbWFfdmVyc2lvbiI6IjIifQ==",
          "dependencies": [
            "module.eks.aws_security_group.cluster",
            "module.eks.aws_security_group.node"
          ],
          "create_before_destroy": true
        },
        {
          "index_key": "ingress_self_coredns_udp",
          "schema_version": 2,
          "attributes": {
            "cidr_blocks": null,
            "description": "Node to node CoreDNS UDP",
            "from_port": 53,
            "id": "sgrule-3692478704",
            "ipv6_cidr_blocks": null,
            "prefix_list_ids": [],
            "protocol": "udp",
            "security_group_id": "sg-0ef29630c8a224ebb",
            "security_group_rule_id": "sgr-06f989b0a823ad0a0",
            "self": true,
            "source_security_group_id": null,
            "timeouts": null,
            "to_port": 53,
            "type": "ingress"
          },
          "sensitive_attributes": [],
          "private": "eyJlMmJmYjczMC1lY2FhLTExZTYtOGY4OC0zNDM2M2JjN2M0YzAiOnsiY3JlYXRlIjozMDAwMDAwMDAwMDB9LCJzY2hlbWFfdmVyc2lvbiI6IjIifQ==",
          "dependencies": [
            "module.eks.aws_security_group.cluster",
            "module.eks.aws_security_group.node"
          ],
          "create_before_destroy": true
        }
      ]
    },
    {
      "module": "module.eks",
      "mode": "managed",
      "type": "time_sleep",
      "name": "this",
      "provider": "provider[\"registry.terraform.io/hashicorp/time\"]",
      "instances": [
        {
          "index_key": 0,
          "schema_version": 0,
          "attributes": {
            "create_duration": "30s",
            "destroy_duration": null,
            "id": "2023-06-10T05:21:54Z",
            "triggers": {
              "cluster_certificate_authority_data": "LS0tLS1CRUdJTiBDRVJUSUZJQ0FURS0tLS0tCk1JSUMvakNDQWVhZ0F3SUJBZ0lCQURBTkJna3Foa2lHOXcwQkFRc0ZBREFWTVJNd0VRWURWUVFERXdwcmRXSmwKY201bGRHVnpNQjRYRFRJek1EWXhNREExTVRjd01Wb1hEVE16TURZd056QTFNVGN3TVZvd0ZURVRNQkVHQTFVRQpBeE1LYTNWaVpYSnVaWFJsY3pDQ0FTSXdEUVlKS29aSWh2Y05BUUVCQlFBRGdnRVBBRENDQVFvQ2dnRUJBTTJQCndIVElEckZncWczZy9KeVgxbUtoQzlzOHdONGJOeThheHNidlpEdm1YKzRGSTUwOTRTU1oyVGNZTSt2M3ozdlIKTzFvT29kcHRLa25ySVpicTlNclVQM0hmL2t1N2pnVlVKUE85dFRHZVFXb243NGpPYnh3Y3pack41a3pBNWkrYwp5blFzOWZZamc4VCtLbkdCZmltcHJoaXVYQThSK2g4anR6RElCb3pYbW8wNlhKYUpCNm5lY213U0lNRThTalhaCmZHQ3RTUHJ0bm44S1hHTEV1amo5bVBHdWM5S2dncWdWVllDV3RLSlRoY0hOamxDTklQNjB5RmI3cUpwNngyb1kKcDJOVENIdlU1bFRYbllTUVlENkk4Sk5SRDNUYW82aVVTZHNZeWpCWDRBU1NvanNONk8vbGxRLzZNclF4ZVBadwpQTzhzSHNwZEkyTmFKb2ZqVTVFQ0F3RUFBYU5aTUZjd0RnWURWUjBQQVFIL0JBUURBZ0trTUE4R0ExVWRFd0VCCi93UUZNQU1CQWY4d0hRWURWUjBPQkJZRUZPOFJyYk5zRlora2dwNUdmSnZFVVpHZS9WandNQlVHQTFVZEVRUU8KTUF5Q0NtdDFZbVZ5Ym1WMFpYTXdEUVlKS29aSWh2Y05BUUVMQlFBRGdnRUJBSEpzdmNmN2VZVzl0cno4aHNMcwpkTjBxVVlCQXFNalFGTGxqWHRzN29xNUNQN1U1bmhFYzY5YW9IZEVoRjZxWk9LN1VXK3JhZ2JFMDdWZTB4a2w0CjRkaHRhK09sRFkraVJkb09mS2VjWFluSGMxa1c0TTBUWkl4ZW1XS2sweE9IdGYxdDRiQjFpQmlNblF6UVpaeFMKczhJY3VyZ09rOEhCWkN6RWl4b0tVTFpCOW5CUWtTaXQ0Q3gvNFRJQTZ0R3NXTFBXeU1YK3pXdmozQTkwQnNGZQpnMXZ4aDFiOVJLRDgvenBuWHhUQWdUWUlFWTZNL2svMkU2MTA5anR1L1F0T3dISnFhMEdlQksrVy80TDM0TTFWClNxNGIzb3JPT2MzZzhFV1FiSHZQNXhabHdSS0dWVkg3QXFZdVFSY21Pa2JHWWorS3BUSlluU0c5a1BuREF1RWwKN0s4PQotLS0tLUVORCBDRVJUSUZJQ0FURS0tLS0tCg==",
              "cluster_endpoint": "https://891A7D4592CD19583F87668DC5B5A676.gr7.ap-south-1.eks.amazonaws.com",
              "cluster_name": "testing-eks-2",
              "cluster_version": "1.26"
            }
          },
          "sensitive_attributes": [],
          "dependencies": [
            "module.eks.aws_cloudwatch_log_group.this",
            "module.eks.aws_eks_cluster.this",
            "module.eks.aws_iam_policy.cni_ipv6_policy",
            "module.eks.aws_iam_role.this",
            "module.eks.aws_iam_role_policy_attachment.this",
            "module.eks.aws_security_group.cluster",
            "module.eks.aws_security_group.node",
            "module.eks.aws_security_group_rule.cluster",
            "module.eks.aws_security_group_rule.node",
            "module.eks.data.aws_caller_identity.current",
            "module.eks.data.aws_iam_policy_document.assume_role_policy",
            "module.eks.data.aws_iam_policy_document.cni_ipv6_policy",
            "module.eks.data.aws_iam_session_context.current",
            "module.eks.data.aws_partition.current",
            "module.eks.module.kms.aws_kms_external_key.this",
            "module.eks.module.kms.aws_kms_key.this",
            "module.eks.module.kms.data.aws_caller_identity.current",
            "module.eks.module.kms.data.aws_iam_policy_document.this",
            "module.eks.module.kms.data.aws_partition.current"
          ],
          "create_before_destroy": true
        }
      ]
    },
    {
      "module": "module.eks.module.eks_managed_node_group[\"one\"]",
      "mode": "data",
      "type": "aws_caller_identity",
      "name": "current",
      "provider": "provider[\"registry.terraform.io/hashicorp/aws\"]",
      "instances": [
        {
          "schema_version": 0,
          "attributes": {
            "account_id": "998516096174",
            "arn": "arn:aws:iam::998516096174:user/svc-terraform",
            "id": "998516096174",
            "user_id": "AIDA6Q7BSPSXNVRO46LMO"
          },
          "sensitive_attributes": []
        }
      ]
    },
    {
      "module": "module.eks.module.eks_managed_node_group[\"one\"]",
      "mode": "data",
      "type": "aws_iam_policy_document",
      "name": "assume_role_policy",
      "provider": "provider[\"registry.terraform.io/hashicorp/aws\"]",
      "instances": [
        {
          "index_key": 0,
          "schema_version": 0,
          "attributes": {
            "id": "2560088296",
            "json": "{\n  \"Version\": \"2012-10-17\",\n  \"Statement\": [\n    {\n      \"Sid\": \"EKSNodeAssumeRole\",\n      \"Effect\": \"Allow\",\n      \"Action\": \"sts:AssumeRole\",\n      \"Principal\": {\n        \"Service\": \"ec2.amazonaws.com\"\n      }\n    }\n  ]\n}",
            "override_policy_documents": null,
            "policy_id": null,
            "source_policy_documents": null,
            "statement": [
              {
                "actions": [
                  "sts:AssumeRole"
                ],
                "condition": [],
                "effect": "Allow",
                "not_actions": [],
                "not_principals": [],
                "not_resources": [],
                "principals": [
                  {
                    "identifiers": [
                      "ec2.amazonaws.com"
                    ],
                    "type": "Service"
                  }
                ],
                "resources": [],
                "sid": "EKSNodeAssumeRole"
              }
            ],
            "version": "2012-10-17"
          },
          "sensitive_attributes": []
        }
      ]
    },
    {
      "module": "module.eks.module.eks_managed_node_group[\"one\"]",
      "mode": "data",
      "type": "aws_partition",
      "name": "current",
      "provider": "provider[\"registry.terraform.io/hashicorp/aws\"]",
      "instances": [
        {
          "schema_version": 0,
          "attributes": {
            "dns_suffix": "amazonaws.com",
            "id": "aws",
            "partition": "aws",
            "reverse_dns_prefix": "com.amazonaws"
          },
          "sensitive_attributes": []
        }
      ]
    },
    {
      "module": "module.eks.module.eks_managed_node_group[\"one\"]",
      "mode": "managed",
      "type": "aws_eks_node_group",
      "name": "this",
      "provider": "provider[\"registry.terraform.io/hashicorp/aws\"]",
      "instances": [
        {
          "index_key": 0,
          "schema_version": 0,
          "attributes": {
            "ami_type": "AL2_x86_64",
            "arn": "arn:aws:eks:ap-south-1:998516096174:nodegroup/testing-eks-2/node-group-1-20230610052154847400000012/5cc451e0-80d1-d16d-111a-58293fcff879",
            "capacity_type": "ON_DEMAND",
            "cluster_name": "testing-eks-2",
            "disk_size": 0,
            "force_update_version": null,
            "id": "testing-eks-2:node-group-1-20230610052154847400000012",
            "instance_types": [
              "t3.xlarge"
            ],
            "labels": {},
            "launch_template": [
              {
                "id": "lt-083def3eb61a83305",
                "name": "one-20230610052154341800000010",
                "version": "1"
              }
            ],
            "node_group_name": "node-group-1-20230610052154847400000012",
            "node_group_name_prefix": "node-group-1-",
            "node_role_arn": "arn:aws:iam::998516096174:role/node-group-1-eks-node-group-20230610051130380400000003",
            "release_version": "1.26.4-20230607",
            "remote_access": [],
            "resources": [
              {
                "autoscaling_groups": [
                  {
                    "name": "eks-node-group-1-20230610052154847400000012-5cc451e0-80d1-d16d-111a-58293fcff879"
                  }
                ],
                "remote_access_security_group_id": ""
              }
            ],
            "scaling_config": [
              {
                "desired_size": 3,
                "max_size": 12,
                "min_size": 3
              }
            ],
            "status": "ACTIVE",
            "subnet_ids": [
              "subnet-0abb056b6ac5b2e39",
              "subnet-0d5351b7c6434ac94",
              "subnet-0f24bd6079aa0a0d2"
            ],
            "tags": {
              "Name": "node-group-1"
            },
            "tags_all": {
              "Name": "node-group-1"
            },
            "taint": [],
            "timeouts": {
              "create": null,
              "delete": null,
              "update": null
            },
            "update_config": [
              {
                "max_unavailable": 0,
                "max_unavailable_percentage": 33
              }
            ],
            "version": "1.26"
          },
          "sensitive_attributes": [],
          "private": "eyJlMmJmYjczMC1lY2FhLTExZTYtOGY4OC0zNDM2M2JjN2M0YzAiOnsiY3JlYXRlIjozNjAwMDAwMDAwMDAwLCJkZWxldGUiOjM2MDAwMDAwMDAwMDAsInVwZGF0ZSI6MzYwMDAwMDAwMDAwMH19",
          "dependencies": [
            "module.eks.aws_cloudwatch_log_group.this",
            "module.eks.aws_eks_cluster.this",
            "module.eks.aws_iam_policy.cni_ipv6_policy",
            "module.eks.aws_iam_role.this",
            "module.eks.aws_iam_role_policy_attachment.this",
            "module.eks.aws_security_group.cluster",
            "module.eks.aws_security_group.node",
            "module.eks.aws_security_group_rule.cluster",
            "module.eks.aws_security_group_rule.node",
            "module.eks.data.aws_caller_identity.current",
            "module.eks.data.aws_iam_policy_document.assume_role_policy",
            "module.eks.data.aws_iam_policy_document.cni_ipv6_policy",
            "module.eks.data.aws_iam_session_context.current",
            "module.eks.data.aws_partition.current",
            "module.eks.module.eks_managed_node_group.aws_iam_role.this",
            "module.eks.module.eks_managed_node_group.aws_iam_role_policy_attachment.this",
            "module.eks.module.eks_managed_node_group.aws_launch_template.this",
            "module.eks.module.eks_managed_node_group.data.aws_caller_identity.current",
            "module.eks.module.eks_managed_node_group.data.aws_iam_policy_document.assume_role_policy",
            "module.eks.module.eks_managed_node_group.data.aws_partition.current",
            "module.eks.module.eks_managed_node_group.module.user_data.data.cloudinit_config.linux_eks_managed_node_group",
            "module.eks.module.kms.aws_kms_external_key.this",
            "module.eks.module.kms.aws_kms_key.this",
            "module.eks.module.kms.data.aws_caller_identity.current",
            "module.eks.module.kms.data.aws_iam_policy_document.this",
            "module.eks.module.kms.data.aws_partition.current",
            "module.eks.time_sleep.this"
          ],
          "create_before_destroy": true
        }
      ]
    },
    {
      "module": "module.eks.module.eks_managed_node_group[\"one\"]",
      "mode": "managed",
      "type": "aws_iam_role",
      "name": "this",
      "provider": "provider[\"registry.terraform.io/hashicorp/aws\"]",
      "instances": [
        {
          "index_key": 0,
          "schema_version": 0,
          "attributes": {
            "arn": "arn:aws:iam::998516096174:role/node-group-1-eks-node-group-20230610051130380400000003",
            "assume_role_policy": "{\"Statement\":[{\"Action\":\"sts:AssumeRole\",\"Effect\":\"Allow\",\"Principal\":{\"Service\":\"ec2.amazonaws.com\"},\"Sid\":\"EKSNodeAssumeRole\"}],\"Version\":\"2012-10-17\"}",
            "create_date": "2023-06-10T05:11:31Z",
            "description": "EKS managed node group IAM role",
            "force_detach_policies": true,
            "id": "node-group-1-eks-node-group-20230610051130380400000003",
            "inline_policy": [],
            "managed_policy_arns": [
              "arn:aws:iam::aws:policy/AmazonEC2ContainerRegistryReadOnly",
              "arn:aws:iam::aws:policy/AmazonEKSWorkerNodePolicy",
              "arn:aws:iam::aws:policy/AmazonEKS_CNI_Policy",
              "arn:aws:iam::aws:policy/service-role/AmazonEBSCSIDriverPolicy"
            ],
            "max_session_duration": 3600,
            "name": "node-group-1-eks-node-group-20230610051130380400000003",
            "name_prefix": "node-group-1-eks-node-group-",
            "path": "/",
            "permissions_boundary": null,
            "tags": {},
            "tags_all": {},
            "unique_id": "AROA6Q7BSPSXOCDMN3E7N"
          },
          "sensitive_attributes": [],
          "private": "bnVsbA==",
          "dependencies": [
            "module.eks.module.eks_managed_node_group.data.aws_iam_policy_document.assume_role_policy",
            "module.eks.module.eks_managed_node_group.data.aws_partition.current"
          ],
          "create_before_destroy": true
        }
      ]
    },
    {
      "module": "module.eks.module.eks_managed_node_group[\"one\"]",
      "mode": "managed",
      "type": "aws_iam_role_policy_attachment",
      "name": "additional",
      "provider": "provider[\"registry.terraform.io/hashicorp/aws\"]",
      "instances": [
        {
          "index_key": "ebs_csi_driver_policy",
          "schema_version": 0,
          "attributes": {
            "id": "node-group-1-eks-node-group-20230610051130380400000003-20230610051133164000000006",
            "policy_arn": "arn:aws:iam::aws:policy/service-role/AmazonEBSCSIDriverPolicy",
            "role": "node-group-1-eks-node-group-20230610051130380400000003"
          },
          "sensitive_attributes": [],
          "private": "bnVsbA==",
          "dependencies": [
            "module.eks.module.eks_managed_node_group.aws_iam_role.this",
            "module.eks.module.eks_managed_node_group.data.aws_iam_policy_document.assume_role_policy",
            "module.eks.module.eks_managed_node_group.data.aws_partition.current"
          ]
        }
      ]
    },
    {
      "module": "module.eks.module.eks_managed_node_group[\"one\"]",
      "mode": "managed",
      "type": "aws_iam_role_policy_attachment",
      "name": "this",
      "provider": "provider[\"registry.terraform.io/hashicorp/aws\"]",
      "instances": [
        {
          "index_key": "arn:aws:iam::aws:policy/AmazonEC2ContainerRegistryReadOnly",
          "schema_version": 0,
          "attributes": {
            "id": "node-group-1-eks-node-group-20230610051130380400000003-20230610051133667000000007",
            "policy_arn": "arn:aws:iam::aws:policy/AmazonEC2ContainerRegistryReadOnly",
            "role": "node-group-1-eks-node-group-20230610051130380400000003"
          },
          "sensitive_attributes": [],
          "private": "bnVsbA==",
          "dependencies": [
            "module.eks.module.eks_managed_node_group.aws_iam_role.this",
            "module.eks.module.eks_managed_node_group.data.aws_caller_identity.current",
            "module.eks.module.eks_managed_node_group.data.aws_iam_policy_document.assume_role_policy",
            "module.eks.module.eks_managed_node_group.data.aws_partition.current"
          ],
          "create_before_destroy": true
        },
        {
          "index_key": "arn:aws:iam::aws:policy/AmazonEKSWorkerNodePolicy",
          "schema_version": 0,
          "attributes": {
            "id": "node-group-1-eks-node-group-20230610051130380400000003-20230610051134248900000009",
            "policy_arn": "arn:aws:iam::aws:policy/AmazonEKSWorkerNodePolicy",
            "role": "node-group-1-eks-node-group-20230610051130380400000003"
          },
          "sensitive_attributes": [],
          "private": "bnVsbA==",
          "dependencies": [
            "module.eks.module.eks_managed_node_group.aws_iam_role.this",
            "module.eks.module.eks_managed_node_group.data.aws_caller_identity.current",
            "module.eks.module.eks_managed_node_group.data.aws_iam_policy_document.assume_role_policy",
            "module.eks.module.eks_managed_node_group.data.aws_partition.current"
          ],
          "create_before_destroy": true
        },
        {
          "index_key": "arn:aws:iam::aws:policy/AmazonEKS_CNI_Policy",
          "schema_version": 0,
          "attributes": {
            "id": "node-group-1-eks-node-group-20230610051130380400000003-20230610051133852300000008",
            "policy_arn": "arn:aws:iam::aws:policy/AmazonEKS_CNI_Policy",
            "role": "node-group-1-eks-node-group-20230610051130380400000003"
          },
          "sensitive_attributes": [],
          "private": "bnVsbA==",
          "dependencies": [
            "module.eks.module.eks_managed_node_group.aws_iam_role.this",
            "module.eks.module.eks_managed_node_group.data.aws_caller_identity.current",
            "module.eks.module.eks_managed_node_group.data.aws_iam_policy_document.assume_role_policy",
            "module.eks.module.eks_managed_node_group.data.aws_partition.current"
          ],
          "create_before_destroy": true
        }
      ]
    },
    {
      "module": "module.eks.module.eks_managed_node_group[\"one\"]",
      "mode": "managed",
      "type": "aws_launch_template",
      "name": "this",
      "provider": "provider[\"registry.terraform.io/hashicorp/aws\"]",
      "instances": [
        {
          "index_key": 0,
          "schema_version": 0,
          "attributes": {
            "arn": "arn:aws:ec2:ap-south-1:998516096174:launch-template/lt-083def3eb61a83305",
            "block_device_mappings": [],
            "capacity_reservation_specification": [],
            "cpu_options": [],
            "credit_specification": [],
            "default_version": 1,
            "description": "Custom launch template for node-group-1 EKS managed node group",
            "disable_api_stop": false,
            "disable_api_termination": false,
            "ebs_optimized": "",
            "elastic_gpu_specifications": [],
            "elastic_inference_accelerator": [],
            "enclave_options": [],
            "hibernation_options": [],
            "iam_instance_profile": [],
            "id": "lt-083def3eb61a83305",
            "image_id": "",
            "instance_initiated_shutdown_behavior": "",
            "instance_market_options": [],
            "instance_requirements": [],
            "instance_type": "",
            "kernel_id": "",
            "key_name": "",
            "latest_version": 1,
            "license_specification": [],
            "maintenance_options": [],
            "metadata_options": [
              {
                "http_endpoint": "enabled",
                "http_protocol_ipv6": "",
                "http_put_response_hop_limit": 2,
                "http_tokens": "required",
                "instance_metadata_tags": ""
              }
            ],
            "monitoring": [
              {
                "enabled": true
              }
            ],
            "name": "one-20230610052154341800000010",
            "name_prefix": "one-",
            "network_interfaces": [],
            "placement": [],
            "private_dns_name_options": [],
            "ram_disk_id": "",
            "security_group_names": [],
            "tag_specifications": [
              {
                "resource_type": "instance",
                "tags": {
                  "Name": "node-group-1"
                }
              },
              {
                "resource_type": "network-interface",
                "tags": {
                  "Name": "node-group-1"
                }
              },
              {
                "resource_type": "volume",
                "tags": {
                  "Name": "node-group-1"
                }
              }
            ],
            "tags": {},
            "tags_all": {},
            "update_default_version": true,
            "user_data": "",
            "vpc_security_group_ids": [
              "sg-0ef29630c8a224ebb"
            ]
          },
          "sensitive_attributes": [],
          "private": "bnVsbA==",
          "dependencies": [
            "module.eks.aws_cloudwatch_log_group.this",
            "module.eks.aws_eks_cluster.this",
            "module.eks.aws_iam_policy.cni_ipv6_policy",
            "module.eks.aws_iam_role.this",
            "module.eks.aws_iam_role_policy_attachment.this",
            "module.eks.aws_security_group.cluster",
            "module.eks.aws_security_group.node",
            "module.eks.aws_security_group_rule.cluster",
            "module.eks.aws_security_group_rule.node",
            "module.eks.data.aws_caller_identity.current",
            "module.eks.data.aws_iam_policy_document.assume_role_policy",
            "module.eks.data.aws_iam_policy_document.cni_ipv6_policy",
            "module.eks.data.aws_iam_session_context.current",
            "module.eks.data.aws_partition.current",
            "module.eks.module.eks_managed_node_group.aws_iam_role.this",
            "module.eks.module.eks_managed_node_group.aws_iam_role_policy_attachment.this",
            "module.eks.module.eks_managed_node_group.data.aws_caller_identity.current",
            "module.eks.module.eks_managed_node_group.data.aws_iam_policy_document.assume_role_policy",
            "module.eks.module.eks_managed_node_group.data.aws_partition.current",
            "module.eks.module.eks_managed_node_group.module.user_data.data.cloudinit_config.linux_eks_managed_node_group",
            "module.eks.module.kms.aws_kms_external_key.this",
            "module.eks.module.kms.aws_kms_key.this",
            "module.eks.module.kms.data.aws_caller_identity.current",
            "module.eks.module.kms.data.aws_iam_policy_document.this",
            "module.eks.module.kms.data.aws_partition.current",
            "module.eks.time_sleep.this"
          ],
          "create_before_destroy": true
        }
      ]
    },
    {
      "module": "module.eks.module.kms",
      "mode": "data",
      "type": "aws_caller_identity",
      "name": "current",
      "provider": "provider[\"registry.terraform.io/hashicorp/aws\"]",
      "instances": [
        {
          "schema_version": 0,
          "attributes": {
            "account_id": "998516096174",
            "arn": "arn:aws:iam::998516096174:user/svc-terraform",
            "id": "998516096174",
            "user_id": "AIDA6Q7BSPSXNVRO46LMO"
          },
          "sensitive_attributes": []
        }
      ]
    },
    {
      "module": "module.eks.module.kms",
      "mode": "data",
      "type": "aws_iam_policy_document",
      "name": "this",
      "provider": "provider[\"registry.terraform.io/hashicorp/aws\"]",
      "instances": [
        {
          "index_key": 0,
          "schema_version": 0,
          "attributes": {
            "id": "4114181558",
            "json": "{\n  \"Version\": \"2012-10-17\",\n  \"Statement\": [\n    {\n      \"Sid\": \"KeyAdministration\",\n      \"Effect\": \"Allow\",\n      \"Action\": [\n        \"kms:Update*\",\n        \"kms:UntagResource\",\n        \"kms:TagResource\",\n        \"kms:ScheduleKeyDeletion\",\n        \"kms:Revoke*\",\n        \"kms:Put*\",\n        \"kms:List*\",\n        \"kms:Get*\",\n        \"kms:Enable*\",\n        \"kms:Disable*\",\n        \"kms:Describe*\",\n        \"kms:Delete*\",\n        \"kms:Create*\",\n        \"kms:CancelKeyDeletion\"\n      ],\n      \"Resource\": \"*\",\n      \"Principal\": {\n        \"AWS\": \"arn:aws:iam::998516096174:user/svc-terraform\"\n      }\n    },\n    {\n      \"Sid\": \"KeyUsage\",\n      \"Effect\": \"Allow\",\n      \"Action\": [\n        \"kms:ReEncrypt*\",\n        \"kms:GenerateDataKey*\",\n        \"kms:Encrypt\",\n        \"kms:DescribeKey\",\n        \"kms:Decrypt\"\n      ],\n      \"Resource\": \"*\",\n      \"Principal\": {\n        \"AWS\": \"arn:aws:iam::998516096174:role/testing-eks-2-cluster-20230610051130380400000002\"\n      }\n    }\n  ]\n}",
            "override_policy_documents": null,
            "policy_id": null,
            "source_policy_documents": null,
            "statement": [
              {
                "actions": [
                  "kms:CancelKeyDeletion",
                  "kms:Create*",
                  "kms:Delete*",
                  "kms:Describe*",
                  "kms:Disable*",
                  "kms:Enable*",
                  "kms:Get*",
                  "kms:List*",
                  "kms:Put*",
                  "kms:Revoke*",
                  "kms:ScheduleKeyDeletion",
                  "kms:TagResource",
                  "kms:UntagResource",
                  "kms:Update*"
                ],
                "condition": [],
                "effect": "Allow",
                "not_actions": [],
                "not_principals": [],
                "not_resources": [],
                "principals": [
                  {
                    "identifiers": [
                      "arn:aws:iam::998516096174:user/svc-terraform"
                    ],
                    "type": "AWS"
                  }
                ],
                "resources": [
                  "*"
                ],
                "sid": "KeyAdministration"
              },
              {
                "actions": [
                  "kms:Decrypt",
                  "kms:DescribeKey",
                  "kms:Encrypt",
                  "kms:GenerateDataKey*",
                  "kms:ReEncrypt*"
                ],
                "condition": [],
                "effect": "Allow",
                "not_actions": [],
                "not_principals": [],
                "not_resources": [],
                "principals": [
                  {
                    "identifiers": [
                      "arn:aws:iam::998516096174:role/testing-eks-2-cluster-20230610051130380400000002"
                    ],
                    "type": "AWS"
                  }
                ],
                "resources": [
                  "*"
                ],
                "sid": "KeyUsage"
              }
            ],
            "version": "2012-10-17"
          },
          "sensitive_attributes": []
        }
      ]
    },
    {
      "module": "module.eks.module.kms",
      "mode": "data",
      "type": "aws_partition",
      "name": "current",
      "provider": "provider[\"registry.terraform.io/hashicorp/aws\"]",
      "instances": [
        {
          "schema_version": 0,
          "attributes": {
            "dns_suffix": "amazonaws.com",
            "id": "aws",
            "partition": "aws",
            "reverse_dns_prefix": "com.amazonaws"
          },
          "sensitive_attributes": []
        }
      ]
    },
    {
      "module": "module.eks.module.kms",
      "mode": "managed",
      "type": "aws_kms_alias",
      "name": "this",
      "provider": "provider[\"registry.terraform.io/hashicorp/aws\"]",
      "instances": [
        {
          "index_key": "cluster",
          "schema_version": 0,
          "attributes": {
            "arn": "arn:aws:kms:ap-south-1:998516096174:alias/eks/testing-eks-2",
            "id": "alias/eks/testing-eks-2",
            "name": "alias/eks/testing-eks-2",
            "name_prefix": "",
            "target_key_arn": "arn:aws:kms:ap-south-1:998516096174:key/fa256029-d9ba-40c6-b7f4-8ebe0674e8b9",
            "target_key_id": "fa256029-d9ba-40c6-b7f4-8ebe0674e8b9"
          },
          "sensitive_attributes": [],
          "private": "bnVsbA==",
          "dependencies": [
            "module.eks.aws_iam_role.this",
            "module.eks.data.aws_caller_identity.current",
            "module.eks.data.aws_iam_policy_document.assume_role_policy",
            "module.eks.data.aws_iam_session_context.current",
            "module.eks.data.aws_partition.current",
            "module.eks.module.kms.aws_kms_external_key.this",
            "module.eks.module.kms.aws_kms_key.this",
            "module.eks.module.kms.data.aws_caller_identity.current",
            "module.eks.module.kms.data.aws_iam_policy_document.this",
            "module.eks.module.kms.data.aws_partition.current"
          ]
        }
      ]
    },
    {
      "module": "module.eks.module.kms",
      "mode": "managed",
      "type": "aws_kms_key",
      "name": "this",
      "provider": "provider[\"registry.terraform.io/hashicorp/aws\"]",
      "instances": [
        {
          "index_key": 0,
          "schema_version": 0,
          "attributes": {
            "arn": "arn:aws:kms:ap-south-1:998516096174:key/fa256029-d9ba-40c6-b7f4-8ebe0674e8b9",
            "bypass_policy_lockout_safety_check": false,
            "custom_key_store_id": "",
            "customer_master_key_spec": "SYMMETRIC_DEFAULT",
            "deletion_window_in_days": null,
            "description": "testing-eks-2 cluster encryption key",
            "enable_key_rotation": true,
            "id": "fa256029-d9ba-40c6-b7f4-8ebe0674e8b9",
            "is_enabled": true,
            "key_id": "fa256029-d9ba-40c6-b7f4-8ebe0674e8b9",
            "key_usage": "ENCRYPT_DECRYPT",
            "multi_region": false,
            "policy": "{\"Statement\":[{\"Action\":[\"kms:Update*\",\"kms:UntagResource\",\"kms:TagResource\",\"kms:ScheduleKeyDeletion\",\"kms:Revoke*\",\"kms:Put*\",\"kms:List*\",\"kms:Get*\",\"kms:Enable*\",\"kms:Disable*\",\"kms:Describe*\",\"kms:Delete*\",\"kms:Create*\",\"kms:CancelKeyDeletion\"],\"Effect\":\"Allow\",\"Principal\":{\"AWS\":\"arn:aws:iam::998516096174:user/svc-terraform\"},\"Resource\":\"*\",\"Sid\":\"KeyAdministration\"},{\"Action\":[\"kms:ReEncrypt*\",\"kms:GenerateDataKey*\",\"kms:Encrypt\",\"kms:DescribeKey\",\"kms:Decrypt\"],\"Effect\":\"Allow\",\"Principal\":{\"AWS\":\"arn:aws:iam::998516096174:role/testing-eks-2-cluster-20230610051130380400000002\"},\"Resource\":\"*\",\"Sid\":\"KeyUsage\"}],\"Version\":\"2012-10-17\"}",
            "tags": {},
            "tags_all": {}
          },
          "sensitive_attributes": [],
          "private": "bnVsbA==",
          "dependencies": [
            "module.eks.aws_iam_role.this",
            "module.eks.data.aws_caller_identity.current",
            "module.eks.data.aws_iam_policy_document.assume_role_policy",
            "module.eks.data.aws_iam_session_context.current",
            "module.eks.data.aws_partition.current",
            "module.eks.module.kms.data.aws_caller_identity.current",
            "module.eks.module.kms.data.aws_iam_policy_document.this",
            "module.eks.module.kms.data.aws_partition.current"
          ],
          "create_before_destroy": true
        }
      ]
    }
  ],
  "check_results": [
    {
      "object_kind": "resource",
      "config_addr": "aws_instance.nfs-server",
      "status": "pass",
      "objects": [
        {
          "object_addr": "aws_instance.nfs-server",
          "status": "pass"
        }
      ]
    }
  ]
}
